
Microsoft Visual Studio Solution File, Format Version 12.00
# Visual Studio 15
VisualStudioVersion = 15.0.27703.2026
MinimumVisualStudioVersion = 10.0.40219.1
Project("{FAE04EC0-301F-11D3-BF4B-00C04F79EFBC}") = "PrismSeries", "PrismSeries\PrismSeries\PrismSeries.csproj", "{E3E2BC05-C154-4526-8175-212915CF747F}"
EndProject
Project("{FAE04EC0-301F-11D3-BF4B-00C04F79EFBC}") = "PrismSeries.Android", "PrismSeries\PrismSeries.Android\PrismSeries.Android.csproj", "{6582C710-9CF0-42D3-9397-F1FDFE4B5C4C}"
EndProject
Project("{FAE04EC0-301F-11D3-BF4B-00C04F79EFBC}") = "PrismSeries.iOS", "PrismSeries\PrismSeries.iOS\PrismSeries.iOS.csproj", "{C26626A3-A73C-4995-B6B0-E66A2EB64643}"
EndProject
Global
	GlobalSection(SolutionConfigurationPlatforms) = preSolution
		Ad-Hoc|Any CPU = Ad-Hoc|Any CPU
		Ad-Hoc|iPhone = Ad-Hoc|iPhone
		Ad-Hoc|iPhoneSimulator = Ad-Hoc|iPhoneSimulator
		AppStore|Any CPU = AppStore|Any CPU
		AppStore|iPhone = AppStore|iPhone
		AppStore|iPhoneSimulator = AppStore|iPhoneSimulator
		Debug|Any CPU = Debug|Any CPU
		Debug|iPhone = Debug|iPhone
		Debug|iPhoneSimulator = Debug|iPhoneSimulator
		Release|Any CPU = Release|Any CPU
		Release|iPhone = Release|iPhone
		Release|iPhoneSimulator = Release|iPhoneSimulator
	EndGlobalSection
	GlobalSection(ProjectConfigurationPlatforms) = postSolution
		{E3E2BC05-C154-4526-8175-212915CF747F}.Ad-Hoc|Any CPU.ActiveCfg = Debug|Any CPU
		{E3E2BC05-C154-4526-8175-212915CF747F}.Ad-Hoc|Any CPU.Build.0 = Debug|Any CPU
		{E3E2BC05-C154-4526-8175-212915CF747F}.Ad-Hoc|iPhone.ActiveCfg = Debug|Any CPU
		{E3E2BC05-C154-4526-8175-212915CF747F}.Ad-Hoc|iPhone.Build.0 = Debug|Any CPU
		{E3E2BC05-C154-4526-8175-212915CF747F}.Ad-Hoc|iPhoneSimulator.ActiveCfg = Debug|Any CPU
		{E3E2BC05-C154-4526-8175-212915CF747F}.Ad-Hoc|iPhoneSimulator.Build.0 = Debug|Any CPU
		{E3E2BC05-C154-4526-8175-212915CF747F}.AppStore|Any CPU.ActiveCfg = Debug|Any CPU
		{E3E2BC05-C154-4526-8175-212915CF747F}.AppStore|Any CPU.Build.0 = Debug|Any CPU
		{E3E2BC05-C154-4526-8175-212915CF747F}.AppStore|iPhone.ActiveCfg = Debug|Any CPU
		{E3E2BC05-C154-4526-8175-212915CF747F}.AppStore|iPhone.Build.0 = Debug|Any CPU
		{E3E2BC05-C154-4526-8175-212915CF747F}.AppStore|iPhoneSimulator.ActiveCfg = Debug|Any CPU
		{E3E2BC05-C154-4526-8175-212915CF747F}.AppStore|iPhoneSimulator.Build.0 = Debug|Any CPU
		{E3E2BC05-C154-4526-8175-212915CF747F}.Debug|Any CPU.ActiveCfg = Debug|Any CPU
		{E3E2BC05-C154-4526-8175-212915CF747F}.Debug|Any CPU.Build.0 = Debug|Any CPU
		{E3E2BC05-C154-4526-8175-212915CF747F}.Debug|iPhone.ActiveCfg = Debug|Any CPU
		{E3E2BC05-C154-4526-8175-212915CF747F}.Debug|iPhone.Build.0 = Debug|Any CPU
		{E3E2BC05-C154-4526-8175-212915CF747F}.Debug|iPhoneSimulator.ActiveCfg = Debug|Any CPU
		{E3E2BC05-C154-4526-8175-212915CF747F}.Debug|iPhoneSimulator.Build.0 = Debug|Any CPU
		{E3E2BC05-C154-4526-8175-212915CF747F}.Release|Any CPU.ActiveCfg = Release|Any CPU
		{E3E2BC05-C154-4526-8175-212915CF747F}.Release|Any CPU.Build.0 = Release|Any CPU
		{E3E2BC05-C154-4526-8175-212915CF747F}.Release|iPhone.ActiveCfg = Release|Any CPU
		{E3E2BC05-C154-4526-8175-212915CF747F}.Release|iPhone.Build.0 = Release|Any CPU
		{E3E2BC05-C154-4526-8175-212915CF747F}.Release|iPhoneSimulator.ActiveCfg = Release|Any CPU
		{E3E2BC05-C154-4526-8175-212915CF747F}.Release|iPhoneSimulator.Build.0 = Release|Any CPU
		{6582C710-9CF0-42D3-9397-F1FDFE4B5C4C}.Ad-Hoc|Any CPU.ActiveCfg = Release|Any CPU
		{6582C710-9CF0-42D3-9397-F1FDFE4B5C4C}.Ad-Hoc|Any CPU.Build.0 = Release|Any CPU
		{6582C710-9CF0-42D3-9397-F1FDFE4B5C4C}.Ad-Hoc|Any CPU.Deploy.0 = Release|Any CPU
		{6582C710-9CF0-42D3-9397-F1FDFE4B5C4C}.Ad-Hoc|iPhone.ActiveCfg = Release|Any CPU
		{6582C710-9CF0-42D3-9397-F1FDFE4B5C4C}.Ad-Hoc|iPhone.Build.0 = Release|Any CPU
		{6582C710-9CF0-42D3-9397-F1FDFE4B5C4C}.Ad-Hoc|iPhone.Deploy.0 = Release|Any CPU
		{6582C710-9CF0-42D3-9397-F1FDFE4B5C4C}.Ad-Hoc|iPhoneSimulator.ActiveCfg = Release|Any CPU
		{6582C710-9CF0-42D3-9397-F1FDFE4B5C4C}.Ad-Hoc|iPhoneSimulator.Build.0 = Release|Any CPU
		{6582C710-9CF0-42D3-9397-F1FDFE4B5C4C}.Ad-Hoc|iPhoneSimulator.Deploy.0 = Release|Any CPU
		{6582C710-9CF0-42D3-9397-F1FDFE4B5C4C}.AppStore|Any CPU.ActiveCfg = Release|Any CPU
		{6582C710-9CF0-42D3-9397-F1FDFE4B5C4C}.AppStore|Any CPU.Build.0 = Release|Any CPU
		{6582C710-9CF0-42D3-9397-F1FDFE4B5C4C}.AppStore|Any CPU.Deploy.0 = Release|Any CPU
		{6582C710-9CF0-42D3-9397-F1FDFE4B5C4C}.AppStore|iPhone.ActiveCfg = Release|Any CPU
		{6582C710-9CF0-42D3-9397-F1FDFE4B5C4C}.AppStore|iPhone.Build.0 = Release|Any CPU
		{6582C710-9CF0-42D3-9397-F1FDFE4B5C4C}.AppStore|iPhone.Deploy.0 = Release|Any CPU
		{6582C710-9CF0-42D3-9397-F1FDFE4B5C4C}.AppStore|iPhoneSimulator.ActiveCfg = Release|Any CPU
		{6582C710-9CF0-42D3-9397-F1FDFE4B5C4C}.AppStore|iPhoneSimulator.Build.0 = Release|Any CPU
		{6582C710-9CF0-42D3-9397-F1FDFE4B5C4C}.AppStore|iPhoneSimulator.Deploy.0 = Release|Any CPU
		{6582C710-9CF0-42D3-9397-F1FDFE4B5C4C}.Debug|Any CPU.ActiveCfg = Debug|Any CPU
		{6582C710-9CF0-42D3-9397-F1FDFE4B5C4C}.Debug|Any CPU.Build.0 = Debug|Any CPU
		{6582C710-9CF0-42D3-9397-F1FDFE4B5C4C}.Debug|Any CPU.Deploy.0 = Debug|Any CPU
		{6582C710-9CF0-42D3-9397-F1FDFE4B5C4C}.Debug|iPhone.ActiveCfg = Debug|Any CPU
		{6582C710-9CF0-42D3-9397-F1FDFE4B5C4C}.Debug|iPhone.Build.0 = Debug|Any CPU
		{6582C710-9CF0-42D3-9397-F1FDFE4B5C4C}.Debug|iPhone.Deploy.0 = Debug|Any CPU
		{6582C710-9CF0-42D3-9397-F1FDFE4B5C4C}.Debug|iPhoneSimulator.ActiveCfg = Debug|Any CPU
		{6582C710-9CF0-42D3-9397-F1FDFE4B5C4C}.Debug|iPhoneSimulator.Build.0 = Debug|Any CPU
		{6582C710-9CF0-42D3-9397-F1FDFE4B5C4C}.Debug|iPhoneSimulator.Deploy.0 = Debug|Any CPU
		{6582C710-9CF0-42D3-9397-F1FDFE4B5C4C}.Release|Any CPU.ActiveCfg = Release|Any CPU
		{6582C710-9CF0-42D3-9397-F1FDFE4B5C4C}.Release|Any CPU.Build.0 = Release|Any CPU
		{6582C710-9CF0-42D3-9397-F1FDFE4B5C4C}.Release|Any CPU.Deploy.0 = Release|Any CPU
		{6582C710-9CF0-42D3-9397-F1FDFE4B5C4C}.Release|iPhone.ActiveCfg = Release|Any CPU
		{6582C710-9CF0-42D3-9397-F1FDFE4B5C4C}.Release|iPhone.Build.0 = Release|Any CPU
		{6582C710-9CF0-42D3-9397-F1FDFE4B5C4C}.Release|iPhone.Deploy.0 = Release|Any CPU
		{6582C710-9CF0-42D3-9397-F1FDFE4B5C4C}.Release|iPhoneSimulator.ActiveCfg = Release|Any CPU
		{6582C710-9CF0-42D3-9397-F1FDFE4B5C4C}.Release|iPhoneSimulator.Build.0 = Release|Any CPU
		{6582C710-9CF0-42D3-9397-F1FDFE4B5C4C}.Release|iPhoneSimulator.Deploy.0 = Release|Any CPU
		{C26626A3-A73C-4995-B6B0-E66A2EB64643}.Ad-Hoc|Any CPU.ActiveCfg = Ad-Hoc|iPhone
		{C26626A3-A73C-4995-B6B0-E66A2EB64643}.Ad-Hoc|iPhone.ActiveCfg = Ad-Hoc|iPhone
		{C26626A3-A73C-4995-B6B0-E66A2EB64643}.Ad-Hoc|iPhone.Build.0 = Ad-Hoc|iPhone
		{C26626A3-A73C-4995-B6B0-E66A2EB64643}.Ad-Hoc|iPhoneSimulator.ActiveCfg = Ad-Hoc|iPhoneSimulator
		{C26626A3-A73C-4995-B6B0-E66A2EB64643}.Ad-Hoc|iPhoneSimulator.Build.0 = Ad-Hoc|iPhoneSimulator
		{C26626A3-A73C-4995-B6B0-E66A2EB64643}.AppStore|Any CPU.ActiveCfg = AppStore|iPhone
		{C26626A3-A73C-4995-B6B0-E66A2EB64643}.AppStore|iPhone.ActiveCfg = AppStore|iPhone
		{C26626A3-A73C-4995-B6B0-E66A2EB64643}.AppStore|iPhone.Build.0 = AppStore|iPhone
		{C26626A3-A73C-4995-B6B0-E66A2EB64643}.AppStore|iPhoneSimulator.ActiveCfg = AppStore|iPhoneSimulator
		{C26626A3-A73C-4995-B6B0-E66A2EB64643}.AppStore|iPhoneSimulator.Build.0 = AppStore|iPhoneSimulator
		{C26626A3-A73C-4995-B6B0-E66A2EB64643}.Debug|Any CPU.ActiveCfg = Debug|iPhone
		{C26626A3-A73C-4995-B6B0-E66A2EB64643}.Debug|iPhone.ActiveCfg = Debug|iPhone
		{C26626A3-A73C-4995-B6B0-E66A2EB64643}.Debug|iPhone.Build.0 = Debug|iPhone
		{C26626A3-A73C-4995-B6B0-E66A2EB64643}.Debug|iPhoneSimulator.ActiveCfg = Debug|iPhoneSimulator
		{C26626A3-A73C-4995-B6B0-E66A2EB64643}.Debug|iPhoneSimulator.Build.0 = Debug|iPhoneSimulator
		{C26626A3-A73C-4995-B6B0-E66A2EB64643}.Release|Any CPU.ActiveCfg = Release|iPhone
		{C26626A3-A73C-4995-B6B0-E66A2EB64643}.Release|iPhone.ActiveCfg = Release|iPhone
		{C26626A3-A73C-4995-B6B0-E66A2EB64643}.Release|iPhone.Build.0 = Release|iPhone
		{C26626A3-A73C-4995-B6B0-E66A2EB64643}.Release|iPhoneSimulator.ActiveCfg = Release|iPhoneSimulator
		{C26626A3-A73C-4995-B6B0-E66A2EB64643}.Release|iPhoneSimulator.Build.0 = Release|iPhoneSimulator
	EndGlobalSection
	GlobalSection(SolutionProperties) = preSolution
		HideSolutionNode = FALSE
	EndGlobalSection
	GlobalSection(ExtensibilityGlobals) = postSolution
		SolutionGuid = {E1D5CEA9-6693-4C98-B54B-635B203EEBAA}
	EndGlobalSection
EndGlobal
