
Microsoft Visual Studio Solution File, Format Version 12.00
# Visual Studio 15
VisualStudioVersion = 15.0.27703.2026
MinimumVisualStudioVersion = 10.0.40219.1
Project("{FAE04EC0-301F-11D3-BF4B-00C04F79EFBC}") = "ListXampleFromApiRest.APP.Android", "ListXampleFromApiRest.APP\ListXampleFromApiRest.APP.Android\ListXampleFromApiRest.APP.Android.csproj", "{BA3922E0-529C-4D07-9CFA-21E8D98911DF}"
EndProject
Project("{FAE04EC0-301F-11D3-BF4B-00C04F79EFBC}") = "ListXampleFromApiRest.APP.iOS", "ListXampleFromApiRest.APP\ListXampleFromApiRest.APP.iOS\ListXampleFromApiRest.APP.iOS.csproj", "{9868CC3D-3105-438E-BCE9-A600F634F541}"
EndProject
Project("{FAE04EC0-301F-11D3-BF4B-00C04F79EFBC}") = "ListXampleFromApiRest.APP.UWP", "ListXampleFromApiRest.APP\ListXampleFromApiRest.APP.UWP\ListXampleFromApiRest.APP.UWP.csproj", "{876DFA03-0AC6-4158-844B-CED23AB06372}"
EndProject
Project("{FAE04EC0-301F-11D3-BF4B-00C04F79EFBC}") = "ListXampleFromApiRest.APP", "ListXampleFromApiRest.APP\ListXampleFromApiRest.APP\ListXampleFromApiRest.APP.csproj", "{1B3B63A7-5754-451D-B987-124A243B98AD}"
EndProject
Global
	GlobalSection(SolutionConfigurationPlatforms) = preSolution
		Ad-Hoc|Any CPU = Ad-Hoc|Any CPU
		Ad-Hoc|ARM = Ad-Hoc|ARM
		Ad-Hoc|iPhone = Ad-Hoc|iPhone
		Ad-Hoc|iPhoneSimulator = Ad-Hoc|iPhoneSimulator
		Ad-Hoc|x64 = Ad-Hoc|x64
		Ad-Hoc|x86 = Ad-Hoc|x86
		AppStore|Any CPU = AppStore|Any CPU
		AppStore|ARM = AppStore|ARM
		AppStore|iPhone = AppStore|iPhone
		AppStore|iPhoneSimulator = AppStore|iPhoneSimulator
		AppStore|x64 = AppStore|x64
		AppStore|x86 = AppStore|x86
		Debug|Any CPU = Debug|Any CPU
		Debug|ARM = Debug|ARM
		Debug|iPhone = Debug|iPhone
		Debug|iPhoneSimulator = Debug|iPhoneSimulator
		Debug|x64 = Debug|x64
		Debug|x86 = Debug|x86
		Release|Any CPU = Release|Any CPU
		Release|ARM = Release|ARM
		Release|iPhone = Release|iPhone
		Release|iPhoneSimulator = Release|iPhoneSimulator
		Release|x64 = Release|x64
		Release|x86 = Release|x86
	EndGlobalSection
	GlobalSection(ProjectConfigurationPlatforms) = postSolution
		{BA3922E0-529C-4D07-9CFA-21E8D98911DF}.Ad-Hoc|Any CPU.ActiveCfg = Release|Any CPU
		{BA3922E0-529C-4D07-9CFA-21E8D98911DF}.Ad-Hoc|Any CPU.Build.0 = Release|Any CPU
		{BA3922E0-529C-4D07-9CFA-21E8D98911DF}.Ad-Hoc|Any CPU.Deploy.0 = Release|Any CPU
		{BA3922E0-529C-4D07-9CFA-21E8D98911DF}.Ad-Hoc|ARM.ActiveCfg = Release|Any CPU
		{BA3922E0-529C-4D07-9CFA-21E8D98911DF}.Ad-Hoc|ARM.Build.0 = Release|Any CPU
		{BA3922E0-529C-4D07-9CFA-21E8D98911DF}.Ad-Hoc|ARM.Deploy.0 = Release|Any CPU
		{BA3922E0-529C-4D07-9CFA-21E8D98911DF}.Ad-Hoc|iPhone.ActiveCfg = Release|Any CPU
		{BA3922E0-529C-4D07-9CFA-21E8D98911DF}.Ad-Hoc|iPhone.Build.0 = Release|Any CPU
		{BA3922E0-529C-4D07-9CFA-21E8D98911DF}.Ad-Hoc|iPhone.Deploy.0 = Release|Any CPU
		{BA3922E0-529C-4D07-9CFA-21E8D98911DF}.Ad-Hoc|iPhoneSimulator.ActiveCfg = Release|Any CPU
		{BA3922E0-529C-4D07-9CFA-21E8D98911DF}.Ad-Hoc|iPhoneSimulator.Build.0 = Release|Any CPU
		{BA3922E0-529C-4D07-9CFA-21E8D98911DF}.Ad-Hoc|iPhoneSimulator.Deploy.0 = Release|Any CPU
		{BA3922E0-529C-4D07-9CFA-21E8D98911DF}.Ad-Hoc|x64.ActiveCfg = Release|Any CPU
		{BA3922E0-529C-4D07-9CFA-21E8D98911DF}.Ad-Hoc|x64.Build.0 = Release|Any CPU
		{BA3922E0-529C-4D07-9CFA-21E8D98911DF}.Ad-Hoc|x64.Deploy.0 = Release|Any CPU
		{BA3922E0-529C-4D07-9CFA-21E8D98911DF}.Ad-Hoc|x86.ActiveCfg = Release|Any CPU
		{BA3922E0-529C-4D07-9CFA-21E8D98911DF}.Ad-Hoc|x86.Build.0 = Release|Any CPU
		{BA3922E0-529C-4D07-9CFA-21E8D98911DF}.Ad-Hoc|x86.Deploy.0 = Release|Any CPU
		{BA3922E0-529C-4D07-9CFA-21E8D98911DF}.AppStore|Any CPU.ActiveCfg = Release|Any CPU
		{BA3922E0-529C-4D07-9CFA-21E8D98911DF}.AppStore|Any CPU.Build.0 = Release|Any CPU
		{BA3922E0-529C-4D07-9CFA-21E8D98911DF}.AppStore|Any CPU.Deploy.0 = Release|Any CPU
		{BA3922E0-529C-4D07-9CFA-21E8D98911DF}.AppStore|ARM.ActiveCfg = Release|Any CPU
		{BA3922E0-529C-4D07-9CFA-21E8D98911DF}.AppStore|ARM.Build.0 = Release|Any CPU
		{BA3922E0-529C-4D07-9CFA-21E8D98911DF}.AppStore|ARM.Deploy.0 = Release|Any CPU
		{BA3922E0-529C-4D07-9CFA-21E8D98911DF}.AppStore|iPhone.ActiveCfg = Release|Any CPU
		{BA3922E0-529C-4D07-9CFA-21E8D98911DF}.AppStore|iPhone.Build.0 = Release|Any CPU
		{BA3922E0-529C-4D07-9CFA-21E8D98911DF}.AppStore|iPhone.Deploy.0 = Release|Any CPU
		{BA3922E0-529C-4D07-9CFA-21E8D98911DF}.AppStore|iPhoneSimulator.ActiveCfg = Release|Any CPU
		{BA3922E0-529C-4D07-9CFA-21E8D98911DF}.AppStore|iPhoneSimulator.Build.0 = Release|Any CPU
		{BA3922E0-529C-4D07-9CFA-21E8D98911DF}.AppStore|iPhoneSimulator.Deploy.0 = Release|Any CPU
		{BA3922E0-529C-4D07-9CFA-21E8D98911DF}.AppStore|x64.ActiveCfg = Release|Any CPU
		{BA3922E0-529C-4D07-9CFA-21E8D98911DF}.AppStore|x64.Build.0 = Release|Any CPU
		{BA3922E0-529C-4D07-9CFA-21E8D98911DF}.AppStore|x64.Deploy.0 = Release|Any CPU
		{BA3922E0-529C-4D07-9CFA-21E8D98911DF}.AppStore|x86.ActiveCfg = Release|Any CPU
		{BA3922E0-529C-4D07-9CFA-21E8D98911DF}.AppStore|x86.Build.0 = Release|Any CPU
		{BA3922E0-529C-4D07-9CFA-21E8D98911DF}.AppStore|x86.Deploy.0 = Release|Any CPU
		{BA3922E0-529C-4D07-9CFA-21E8D98911DF}.Debug|Any CPU.ActiveCfg = Debug|Any CPU
		{BA3922E0-529C-4D07-9CFA-21E8D98911DF}.Debug|Any CPU.Build.0 = Debug|Any CPU
		{BA3922E0-529C-4D07-9CFA-21E8D98911DF}.Debug|Any CPU.Deploy.0 = Debug|Any CPU
		{BA3922E0-529C-4D07-9CFA-21E8D98911DF}.Debug|ARM.ActiveCfg = Debug|Any CPU
		{BA3922E0-529C-4D07-9CFA-21E8D98911DF}.Debug|ARM.Build.0 = Debug|Any CPU
		{BA3922E0-529C-4D07-9CFA-21E8D98911DF}.Debug|ARM.Deploy.0 = Debug|Any CPU
		{BA3922E0-529C-4D07-9CFA-21E8D98911DF}.Debug|iPhone.ActiveCfg = Debug|Any CPU
		{BA3922E0-529C-4D07-9CFA-21E8D98911DF}.Debug|iPhone.Build.0 = Debug|Any CPU
		{BA3922E0-529C-4D07-9CFA-21E8D98911DF}.Debug|iPhone.Deploy.0 = Debug|Any CPU
		{BA3922E0-529C-4D07-9CFA-21E8D98911DF}.Debug|iPhoneSimulator.ActiveCfg = Debug|Any CPU
		{BA3922E0-529C-4D07-9CFA-21E8D98911DF}.Debug|iPhoneSimulator.Build.0 = Debug|Any CPU
		{BA3922E0-529C-4D07-9CFA-21E8D98911DF}.Debug|iPhoneSimulator.Deploy.0 = Debug|Any CPU
		{BA3922E0-529C-4D07-9CFA-21E8D98911DF}.Debug|x64.ActiveCfg = Debug|Any CPU
		{BA3922E0-529C-4D07-9CFA-21E8D98911DF}.Debug|x64.Build.0 = Debug|Any CPU
		{BA3922E0-529C-4D07-9CFA-21E8D98911DF}.Debug|x64.Deploy.0 = Debug|Any CPU
		{BA3922E0-529C-4D07-9CFA-21E8D98911DF}.Debug|x86.ActiveCfg = Debug|Any CPU
		{BA3922E0-529C-4D07-9CFA-21E8D98911DF}.Debug|x86.Build.0 = Debug|Any CPU
		{BA3922E0-529C-4D07-9CFA-21E8D98911DF}.Debug|x86.Deploy.0 = Debug|Any CPU
		{BA3922E0-529C-4D07-9CFA-21E8D98911DF}.Release|Any CPU.ActiveCfg = Release|Any CPU
		{BA3922E0-529C-4D07-9CFA-21E8D98911DF}.Release|Any CPU.Build.0 = Release|Any CPU
		{BA3922E0-529C-4D07-9CFA-21E8D98911DF}.Release|Any CPU.Deploy.0 = Release|Any CPU
		{BA3922E0-529C-4D07-9CFA-21E8D98911DF}.Release|ARM.ActiveCfg = Release|Any CPU
		{BA3922E0-529C-4D07-9CFA-21E8D98911DF}.Release|ARM.Build.0 = Release|Any CPU
		{BA3922E0-529C-4D07-9CFA-21E8D98911DF}.Release|ARM.Deploy.0 = Release|Any CPU
		{BA3922E0-529C-4D07-9CFA-21E8D98911DF}.Release|iPhone.ActiveCfg = Release|Any CPU
		{BA3922E0-529C-4D07-9CFA-21E8D98911DF}.Release|iPhone.Build.0 = Release|Any CPU
		{BA3922E0-529C-4D07-9CFA-21E8D98911DF}.Release|iPhone.Deploy.0 = Release|Any CPU
		{BA3922E0-529C-4D07-9CFA-21E8D98911DF}.Release|iPhoneSimulator.ActiveCfg = Release|Any CPU
		{BA3922E0-529C-4D07-9CFA-21E8D98911DF}.Release|iPhoneSimulator.Build.0 = Release|Any CPU
		{BA3922E0-529C-4D07-9CFA-21E8D98911DF}.Release|iPhoneSimulator.Deploy.0 = Release|Any CPU
		{BA3922E0-529C-4D07-9CFA-21E8D98911DF}.Release|x64.ActiveCfg = Release|Any CPU
		{BA3922E0-529C-4D07-9CFA-21E8D98911DF}.Release|x64.Build.0 = Release|Any CPU
		{BA3922E0-529C-4D07-9CFA-21E8D98911DF}.Release|x64.Deploy.0 = Release|Any CPU
		{BA3922E0-529C-4D07-9CFA-21E8D98911DF}.Release|x86.ActiveCfg = Release|Any CPU
		{BA3922E0-529C-4D07-9CFA-21E8D98911DF}.Release|x86.Build.0 = Release|Any CPU
		{BA3922E0-529C-4D07-9CFA-21E8D98911DF}.Release|x86.Deploy.0 = Release|Any CPU
		{9868CC3D-3105-438E-BCE9-A600F634F541}.Ad-Hoc|Any CPU.ActiveCfg = Ad-Hoc|iPhone
		{9868CC3D-3105-438E-BCE9-A600F634F541}.Ad-Hoc|Any CPU.Build.0 = Ad-Hoc|iPhone
		{9868CC3D-3105-438E-BCE9-A600F634F541}.Ad-Hoc|Any CPU.Deploy.0 = Ad-Hoc|iPhone
		{9868CC3D-3105-438E-BCE9-A600F634F541}.Ad-Hoc|ARM.ActiveCfg = Ad-Hoc|iPhone
		{9868CC3D-3105-438E-BCE9-A600F634F541}.Ad-Hoc|ARM.Build.0 = Ad-Hoc|iPhone
		{9868CC3D-3105-438E-BCE9-A600F634F541}.Ad-Hoc|ARM.Deploy.0 = Ad-Hoc|iPhone
		{9868CC3D-3105-438E-BCE9-A600F634F541}.Ad-Hoc|iPhone.ActiveCfg = Ad-Hoc|iPhone
		{9868CC3D-3105-438E-BCE9-A600F634F541}.Ad-Hoc|iPhone.Build.0 = Ad-Hoc|iPhone
		{9868CC3D-3105-438E-BCE9-A600F634F541}.Ad-Hoc|iPhone.Deploy.0 = Ad-Hoc|iPhone
		{9868CC3D-3105-438E-BCE9-A600F634F541}.Ad-Hoc|iPhoneSimulator.ActiveCfg = Ad-Hoc|iPhoneSimulator
		{9868CC3D-3105-438E-BCE9-A600F634F541}.Ad-Hoc|iPhoneSimulator.Build.0 = Ad-Hoc|iPhoneSimulator
		{9868CC3D-3105-438E-BCE9-A600F634F541}.Ad-Hoc|iPhoneSimulator.Deploy.0 = Ad-Hoc|iPhoneSimulator
		{9868CC3D-3105-438E-BCE9-A600F634F541}.Ad-Hoc|x64.ActiveCfg = Ad-Hoc|iPhone
		{9868CC3D-3105-438E-BCE9-A600F634F541}.Ad-Hoc|x64.Build.0 = Ad-Hoc|iPhone
		{9868CC3D-3105-438E-BCE9-A600F634F541}.Ad-Hoc|x64.Deploy.0 = Ad-Hoc|iPhone
		{9868CC3D-3105-438E-BCE9-A600F634F541}.Ad-Hoc|x86.ActiveCfg = Ad-Hoc|iPhone
		{9868CC3D-3105-438E-BCE9-A600F634F541}.Ad-Hoc|x86.Build.0 = Ad-Hoc|iPhone
		{9868CC3D-3105-438E-BCE9-A600F634F541}.Ad-Hoc|x86.Deploy.0 = Ad-Hoc|iPhone
		{9868CC3D-3105-438E-BCE9-A600F634F541}.AppStore|Any CPU.ActiveCfg = AppStore|iPhone
		{9868CC3D-3105-438E-BCE9-A600F634F541}.AppStore|Any CPU.Build.0 = AppStore|iPhone
		{9868CC3D-3105-438E-BCE9-A600F634F541}.AppStore|Any CPU.Deploy.0 = AppStore|iPhone
		{9868CC3D-3105-438E-BCE9-A600F634F541}.AppStore|ARM.ActiveCfg = AppStore|iPhone
		{9868CC3D-3105-438E-BCE9-A600F634F541}.AppStore|ARM.Build.0 = AppStore|iPhone
		{9868CC3D-3105-438E-BCE9-A600F634F541}.AppStore|ARM.Deploy.0 = AppStore|iPhone
		{9868CC3D-3105-438E-BCE9-A600F634F541}.AppStore|iPhone.ActiveCfg = AppStore|iPhone
		{9868CC3D-3105-438E-BCE9-A600F634F541}.AppStore|iPhone.Build.0 = AppStore|iPhone
		{9868CC3D-3105-438E-BCE9-A600F634F541}.AppStore|iPhone.Deploy.0 = AppStore|iPhone
		{9868CC3D-3105-438E-BCE9-A600F634F541}.AppStore|iPhoneSimulator.ActiveCfg = AppStore|iPhoneSimulator
		{9868CC3D-3105-438E-BCE9-A600F634F541}.AppStore|iPhoneSimulator.Build.0 = AppStore|iPhoneSimulator
		{9868CC3D-3105-438E-BCE9-A600F634F541}.AppStore|iPhoneSimulator.Deploy.0 = AppStore|iPhoneSimulator
		{9868CC3D-3105-438E-BCE9-A600F634F541}.AppStore|x64.ActiveCfg = AppStore|iPhone
		{9868CC3D-3105-438E-BCE9-A600F634F541}.AppStore|x64.Build.0 = AppStore|iPhone
		{9868CC3D-3105-438E-BCE9-A600F634F541}.AppStore|x64.Deploy.0 = AppStore|iPhone
		{9868CC3D-3105-438E-BCE9-A600F634F541}.AppStore|x86.ActiveCfg = AppStore|iPhone
		{9868CC3D-3105-438E-BCE9-A600F634F541}.AppStore|x86.Build.0 = AppStore|iPhone
		{9868CC3D-3105-438E-BCE9-A600F634F541}.AppStore|x86.Deploy.0 = AppStore|iPhone
		{9868CC3D-3105-438E-BCE9-A600F634F541}.Debug|Any CPU.ActiveCfg = Debug|iPhoneSimulator
		{9868CC3D-3105-438E-BCE9-A600F634F541}.Debug|Any CPU.Build.0 = Debug|iPhoneSimulator
		{9868CC3D-3105-438E-BCE9-A600F634F541}.Debug|Any CPU.Deploy.0 = Debug|iPhoneSimulator
		{9868CC3D-3105-438E-BCE9-A600F634F541}.Debug|ARM.ActiveCfg = Debug|iPhone
		{9868CC3D-3105-438E-BCE9-A600F634F541}.Debug|ARM.Build.0 = Debug|iPhone
		{9868CC3D-3105-438E-BCE9-A600F634F541}.Debug|ARM.Deploy.0 = Debug|iPhone
		{9868CC3D-3105-438E-BCE9-A600F634F541}.Debug|iPhone.ActiveCfg = Debug|iPhone
		{9868CC3D-3105-438E-BCE9-A600F634F541}.Debug|iPhone.Build.0 = Debug|iPhone
		{9868CC3D-3105-438E-BCE9-A600F634F541}.Debug|iPhone.Deploy.0 = Debug|iPhone
		{9868CC3D-3105-438E-BCE9-A600F634F541}.Debug|iPhoneSimulator.ActiveCfg = Debug|iPhoneSimulator
		{9868CC3D-3105-438E-BCE9-A600F634F541}.Debug|iPhoneSimulator.Build.0 = Debug|iPhoneSimulator
		{9868CC3D-3105-438E-BCE9-A600F634F541}.Debug|iPhoneSimulator.Deploy.0 = Debug|iPhoneSimulator
		{9868CC3D-3105-438E-BCE9-A600F634F541}.Debug|x64.ActiveCfg = Debug|iPhone
		{9868CC3D-3105-438E-BCE9-A600F634F541}.Debug|x64.Build.0 = Debug|iPhone
		{9868CC3D-3105-438E-BCE9-A600F634F541}.Debug|x64.Deploy.0 = Debug|iPhone
		{9868CC3D-3105-438E-BCE9-A600F634F541}.Debug|x86.ActiveCfg = Debug|iPhone
		{9868CC3D-3105-438E-BCE9-A600F634F541}.Debug|x86.Build.0 = Debug|iPhone
		{9868CC3D-3105-438E-BCE9-A600F634F541}.Debug|x86.Deploy.0 = Debug|iPhone
		{9868CC3D-3105-438E-BCE9-A600F634F541}.Release|Any CPU.ActiveCfg = Release|iPhone
		{9868CC3D-3105-438E-BCE9-A600F634F541}.Release|Any CPU.Build.0 = Release|iPhone
		{9868CC3D-3105-438E-BCE9-A600F634F541}.Release|Any CPU.Deploy.0 = Release|iPhone
		{9868CC3D-3105-438E-BCE9-A600F634F541}.Release|ARM.ActiveCfg = Release|iPhone
		{9868CC3D-3105-438E-BCE9-A600F634F541}.Release|ARM.Build.0 = Release|iPhone
		{9868CC3D-3105-438E-BCE9-A600F634F541}.Release|ARM.Deploy.0 = Release|iPhone
		{9868CC3D-3105-438E-BCE9-A600F634F541}.Release|iPhone.ActiveCfg = Release|iPhone
		{9868CC3D-3105-438E-BCE9-A600F634F541}.Release|iPhone.Build.0 = Release|iPhone
		{9868CC3D-3105-438E-BCE9-A600F634F541}.Release|iPhone.Deploy.0 = Release|iPhone
		{9868CC3D-3105-438E-BCE9-A600F634F541}.Release|iPhoneSimulator.ActiveCfg = Release|iPhoneSimulator
		{9868CC3D-3105-438E-BCE9-A600F634F541}.Release|iPhoneSimulator.Build.0 = Release|iPhoneSimulator
		{9868CC3D-3105-438E-BCE9-A600F634F541}.Release|iPhoneSimulator.Deploy.0 = Release|iPhoneSimulator
		{9868CC3D-3105-438E-BCE9-A600F634F541}.Release|x64.ActiveCfg = Release|iPhone
		{9868CC3D-3105-438E-BCE9-A600F634F541}.Release|x64.Build.0 = Release|iPhone
		{9868CC3D-3105-438E-BCE9-A600F634F541}.Release|x64.Deploy.0 = Release|iPhone
		{9868CC3D-3105-438E-BCE9-A600F634F541}.Release|x86.ActiveCfg = Release|iPhone
		{9868CC3D-3105-438E-BCE9-A600F634F541}.Release|x86.Build.0 = Release|iPhone
		{9868CC3D-3105-438E-BCE9-A600F634F541}.Release|x86.Deploy.0 = Release|iPhone
		{876DFA03-0AC6-4158-844B-CED23AB06372}.Ad-Hoc|Any CPU.ActiveCfg = Release|x86
		{876DFA03-0AC6-4158-844B-CED23AB06372}.Ad-Hoc|Any CPU.Build.0 = Release|x86
		{876DFA03-0AC6-4158-844B-CED23AB06372}.Ad-Hoc|Any CPU.Deploy.0 = Release|x86
		{876DFA03-0AC6-4158-844B-CED23AB06372}.Ad-Hoc|ARM.ActiveCfg = Release|ARM
		{876DFA03-0AC6-4158-844B-CED23AB06372}.Ad-Hoc|ARM.Build.0 = Release|ARM
		{876DFA03-0AC6-4158-844B-CED23AB06372}.Ad-Hoc|ARM.Deploy.0 = Release|ARM
		{876DFA03-0AC6-4158-844B-CED23AB06372}.Ad-Hoc|iPhone.ActiveCfg = Release|x86
		{876DFA03-0AC6-4158-844B-CED23AB06372}.Ad-Hoc|iPhone.Build.0 = Release|x86
		{876DFA03-0AC6-4158-844B-CED23AB06372}.Ad-Hoc|iPhone.Deploy.0 = Release|x86
		{876DFA03-0AC6-4158-844B-CED23AB06372}.Ad-Hoc|iPhoneSimulator.ActiveCfg = Release|x86
		{876DFA03-0AC6-4158-844B-CED23AB06372}.Ad-Hoc|iPhoneSimulator.Build.0 = Release|x86
		{876DFA03-0AC6-4158-844B-CED23AB06372}.Ad-Hoc|iPhoneSimulator.Deploy.0 = Release|x86
		{876DFA03-0AC6-4158-844B-CED23AB06372}.Ad-Hoc|x64.ActiveCfg = Release|x64
		{876DFA03-0AC6-4158-844B-CED23AB06372}.Ad-Hoc|x64.Build.0 = Release|x64
		{876DFA03-0AC6-4158-844B-CED23AB06372}.Ad-Hoc|x64.Deploy.0 = Release|x64
		{876DFA03-0AC6-4158-844B-CED23AB06372}.Ad-Hoc|x86.ActiveCfg = Release|x86
		{876DFA03-0AC6-4158-844B-CED23AB06372}.Ad-Hoc|x86.Build.0 = Release|x86
		{876DFA03-0AC6-4158-844B-CED23AB06372}.Ad-Hoc|x86.Deploy.0 = Release|x86
		{876DFA03-0AC6-4158-844B-CED23AB06372}.AppStore|Any CPU.ActiveCfg = Release|x86
		{876DFA03-0AC6-4158-844B-CED23AB06372}.AppStore|Any CPU.Build.0 = Release|x86
		{876DFA03-0AC6-4158-844B-CED23AB06372}.AppStore|Any CPU.Deploy.0 = Release|x86
		{876DFA03-0AC6-4158-844B-CED23AB06372}.AppStore|ARM.ActiveCfg = Release|ARM
		{876DFA03-0AC6-4158-844B-CED23AB06372}.AppStore|ARM.Build.0 = Release|ARM
		{876DFA03-0AC6-4158-844B-CED23AB06372}.AppStore|ARM.Deploy.0 = Release|ARM
		{876DFA03-0AC6-4158-844B-CED23AB06372}.AppStore|iPhone.ActiveCfg = Release|x86
		{876DFA03-0AC6-4158-844B-CED23AB06372}.AppStore|iPhone.Build.0 = Release|x86
		{876DFA03-0AC6-4158-844B-CED23AB06372}.AppStore|iPhone.Deploy.0 = Release|x86
		{876DFA03-0AC6-4158-844B-CED23AB06372}.AppStore|iPhoneSimulator.ActiveCfg = Release|x86
		{876DFA03-0AC6-4158-844B-CED23AB06372}.AppStore|iPhoneSimulator.Build.0 = Release|x86
		{876DFA03-0AC6-4158-844B-CED23AB06372}.AppStore|iPhoneSimulator.Deploy.0 = Release|x86
		{876DFA03-0AC6-4158-844B-CED23AB06372}.AppStore|x64.ActiveCfg = Release|x64
		{876DFA03-0AC6-4158-844B-CED23AB06372}.AppStore|x64.Build.0 = Release|x64
		{876DFA03-0AC6-4158-844B-CED23AB06372}.AppStore|x64.Deploy.0 = Release|x64
		{876DFA03-0AC6-4158-844B-CED23AB06372}.AppStore|x86.ActiveCfg = Release|x86
		{876DFA03-0AC6-4158-844B-CED23AB06372}.AppStore|x86.Build.0 = Release|x86
		{876DFA03-0AC6-4158-844B-CED23AB06372}.AppStore|x86.Deploy.0 = Release|x86
		{876DFA03-0AC6-4158-844B-CED23AB06372}.Debug|Any CPU.ActiveCfg = Debug|x86
		{876DFA03-0AC6-4158-844B-CED23AB06372}.Debug|Any CPU.Build.0 = Debug|x86
		{876DFA03-0AC6-4158-844B-CED23AB06372}.Debug|Any CPU.Deploy.0 = Debug|x86
		{876DFA03-0AC6-4158-844B-CED23AB06372}.Debug|ARM.ActiveCfg = Debug|ARM
		{876DFA03-0AC6-4158-844B-CED23AB06372}.Debug|ARM.Build.0 = Debug|ARM
		{876DFA03-0AC6-4158-844B-CED23AB06372}.Debug|ARM.Deploy.0 = Debug|ARM
		{876DFA03-0AC6-4158-844B-CED23AB06372}.Debug|iPhone.ActiveCfg = Debug|x86
		{876DFA03-0AC6-4158-844B-CED23AB06372}.Debug|iPhone.Build.0 = Debug|x86
		{876DFA03-0AC6-4158-844B-CED23AB06372}.Debug|iPhone.Deploy.0 = Debug|x86
		{876DFA03-0AC6-4158-844B-CED23AB06372}.Debug|iPhoneSimulator.ActiveCfg = Debug|x86
		{876DFA03-0AC6-4158-844B-CED23AB06372}.Debug|iPhoneSimulator.Build.0 = Debug|x86
		{876DFA03-0AC6-4158-844B-CED23AB06372}.Debug|iPhoneSimulator.Deploy.0 = Debug|x86
		{876DFA03-0AC6-4158-844B-CED23AB06372}.Debug|x64.ActiveCfg = Debug|x64
		{876DFA03-0AC6-4158-844B-CED23AB06372}.Debug|x64.Build.0 = Debug|x64
		{876DFA03-0AC6-4158-844B-CED23AB06372}.Debug|x64.Deploy.0 = Debug|x64
		{876DFA03-0AC6-4158-844B-CED23AB06372}.Debug|x86.ActiveCfg = Debug|x86
		{876DFA03-0AC6-4158-844B-CED23AB06372}.Debug|x86.Build.0 = Debug|x86
		{876DFA03-0AC6-4158-844B-CED23AB06372}.Debug|x86.Deploy.0 = Debug|x86
		{876DFA03-0AC6-4158-844B-CED23AB06372}.Release|Any CPU.ActiveCfg = Release|x86
		{876DFA03-0AC6-4158-844B-CED23AB06372}.Release|Any CPU.Build.0 = Release|x86
		{876DFA03-0AC6-4158-844B-CED23AB06372}.Release|Any CPU.Deploy.0 = Release|x86
		{876DFA03-0AC6-4158-844B-CED23AB06372}.Release|ARM.ActiveCfg = Release|ARM
		{876DFA03-0AC6-4158-844B-CED23AB06372}.Release|ARM.Build.0 = Release|ARM
		{876DFA03-0AC6-4158-844B-CED23AB06372}.Release|ARM.Deploy.0 = Release|ARM
		{876DFA03-0AC6-4158-844B-CED23AB06372}.Release|iPhone.ActiveCfg = Release|x86
		{876DFA03-0AC6-4158-844B-CED23AB06372}.Release|iPhone.Build.0 = Release|x86
		{876DFA03-0AC6-4158-844B-CED23AB06372}.Release|iPhone.Deploy.0 = Release|x86
		{876DFA03-0AC6-4158-844B-CED23AB06372}.Release|iPhoneSimulator.ActiveCfg = Release|x86
		{876DFA03-0AC6-4158-844B-CED23AB06372}.Release|iPhoneSimulator.Build.0 = Release|x86
		{876DFA03-0AC6-4158-844B-CED23AB06372}.Release|iPhoneSimulator.Deploy.0 = Release|x86
		{876DFA03-0AC6-4158-844B-CED23AB06372}.Release|x64.ActiveCfg = Release|x64
		{876DFA03-0AC6-4158-844B-CED23AB06372}.Release|x64.Build.0 = Release|x64
		{876DFA03-0AC6-4158-844B-CED23AB06372}.Release|x64.Deploy.0 = Release|x64
		{876DFA03-0AC6-4158-844B-CED23AB06372}.Release|x86.ActiveCfg = Release|x86
		{876DFA03-0AC6-4158-844B-CED23AB06372}.Release|x86.Build.0 = Release|x86
		{876DFA03-0AC6-4158-844B-CED23AB06372}.Release|x86.Deploy.0 = Release|x86
		{1B3B63A7-5754-451D-B987-124A243B98AD}.Ad-Hoc|Any CPU.ActiveCfg = Debug|Any CPU
		{1B3B63A7-5754-451D-B987-124A243B98AD}.Ad-Hoc|Any CPU.Build.0 = Debug|Any CPU
		{1B3B63A7-5754-451D-B987-124A243B98AD}.Ad-Hoc|Any CPU.Deploy.0 = Debug|Any CPU
		{1B3B63A7-5754-451D-B987-124A243B98AD}.Ad-Hoc|ARM.ActiveCfg = Debug|Any CPU
		{1B3B63A7-5754-451D-B987-124A243B98AD}.Ad-Hoc|ARM.Build.0 = Debug|Any CPU
		{1B3B63A7-5754-451D-B987-124A243B98AD}.Ad-Hoc|ARM.Deploy.0 = Debug|Any CPU
		{1B3B63A7-5754-451D-B987-124A243B98AD}.Ad-Hoc|iPhone.ActiveCfg = Debug|Any CPU
		{1B3B63A7-5754-451D-B987-124A243B98AD}.Ad-Hoc|iPhone.Build.0 = Debug|Any CPU
		{1B3B63A7-5754-451D-B987-124A243B98AD}.Ad-Hoc|iPhone.Deploy.0 = Debug|Any CPU
		{1B3B63A7-5754-451D-B987-124A243B98AD}.Ad-Hoc|iPhoneSimulator.ActiveCfg = Debug|Any CPU
		{1B3B63A7-5754-451D-B987-124A243B98AD}.Ad-Hoc|iPhoneSimulator.Build.0 = Debug|Any CPU
		{1B3B63A7-5754-451D-B987-124A243B98AD}.Ad-Hoc|iPhoneSimulator.Deploy.0 = Debug|Any CPU
		{1B3B63A7-5754-451D-B987-124A243B98AD}.Ad-Hoc|x64.ActiveCfg = Debug|Any CPU
		{1B3B63A7-5754-451D-B987-124A243B98AD}.Ad-Hoc|x64.Build.0 = Debug|Any CPU
		{1B3B63A7-5754-451D-B987-124A243B98AD}.Ad-Hoc|x64.Deploy.0 = Debug|Any CPU
		{1B3B63A7-5754-451D-B987-124A243B98AD}.Ad-Hoc|x86.ActiveCfg = Debug|Any CPU
		{1B3B63A7-5754-451D-B987-124A243B98AD}.Ad-Hoc|x86.Build.0 = Debug|Any CPU
		{1B3B63A7-5754-451D-B987-124A243B98AD}.Ad-Hoc|x86.Deploy.0 = Debug|Any CPU
		{1B3B63A7-5754-451D-B987-124A243B98AD}.AppStore|Any CPU.ActiveCfg = Debug|Any CPU
		{1B3B63A7-5754-451D-B987-124A243B98AD}.AppStore|Any CPU.Build.0 = Debug|Any CPU
		{1B3B63A7-5754-451D-B987-124A243B98AD}.AppStore|Any CPU.Deploy.0 = Debug|Any CPU
		{1B3B63A7-5754-451D-B987-124A243B98AD}.AppStore|ARM.ActiveCfg = Debug|Any CPU
		{1B3B63A7-5754-451D-B987-124A243B98AD}.AppStore|ARM.Build.0 = Debug|Any CPU
		{1B3B63A7-5754-451D-B987-124A243B98AD}.AppStore|ARM.Deploy.0 = Debug|Any CPU
		{1B3B63A7-5754-451D-B987-124A243B98AD}.AppStore|iPhone.ActiveCfg = Debug|Any CPU
		{1B3B63A7-5754-451D-B987-124A243B98AD}.AppStore|iPhone.Build.0 = Debug|Any CPU
		{1B3B63A7-5754-451D-B987-124A243B98AD}.AppStore|iPhone.Deploy.0 = Debug|Any CPU
		{1B3B63A7-5754-451D-B987-124A243B98AD}.AppStore|iPhoneSimulator.ActiveCfg = Debug|Any CPU
		{1B3B63A7-5754-451D-B987-124A243B98AD}.AppStore|iPhoneSimulator.Build.0 = Debug|Any CPU
		{1B3B63A7-5754-451D-B987-124A243B98AD}.AppStore|iPhoneSimulator.Deploy.0 = Debug|Any CPU
		{1B3B63A7-5754-451D-B987-124A243B98AD}.AppStore|x64.ActiveCfg = Debug|Any CPU
		{1B3B63A7-5754-451D-B987-124A243B98AD}.AppStore|x64.Build.0 = Debug|Any CPU
		{1B3B63A7-5754-451D-B987-124A243B98AD}.AppStore|x64.Deploy.0 = Debug|Any CPU
		{1B3B63A7-5754-451D-B987-124A243B98AD}.AppStore|x86.ActiveCfg = Debug|Any CPU
		{1B3B63A7-5754-451D-B987-124A243B98AD}.AppStore|x86.Build.0 = Debug|Any CPU
		{1B3B63A7-5754-451D-B987-124A243B98AD}.AppStore|x86.Deploy.0 = Debug|Any CPU
		{1B3B63A7-5754-451D-B987-124A243B98AD}.Debug|Any CPU.ActiveCfg = Debug|Any CPU
		{1B3B63A7-5754-451D-B987-124A243B98AD}.Debug|Any CPU.Build.0 = Debug|Any CPU
		{1B3B63A7-5754-451D-B987-124A243B98AD}.Debug|Any CPU.Deploy.0 = Debug|Any CPU
		{1B3B63A7-5754-451D-B987-124A243B98AD}.Debug|ARM.ActiveCfg = Debug|Any CPU
		{1B3B63A7-5754-451D-B987-124A243B98AD}.Debug|ARM.Build.0 = Debug|Any CPU
		{1B3B63A7-5754-451D-B987-124A243B98AD}.Debug|ARM.Deploy.0 = Debug|Any CPU
		{1B3B63A7-5754-451D-B987-124A243B98AD}.Debug|iPhone.ActiveCfg = Debug|Any CPU
		{1B3B63A7-5754-451D-B987-124A243B98AD}.Debug|iPhone.Build.0 = Debug|Any CPU
		{1B3B63A7-5754-451D-B987-124A243B98AD}.Debug|iPhone.Deploy.0 = Debug|Any CPU
		{1B3B63A7-5754-451D-B987-124A243B98AD}.Debug|iPhoneSimulator.ActiveCfg = Debug|Any CPU
		{1B3B63A7-5754-451D-B987-124A243B98AD}.Debug|iPhoneSimulator.Build.0 = Debug|Any CPU
		{1B3B63A7-5754-451D-B987-124A243B98AD}.Debug|iPhoneSimulator.Deploy.0 = Debug|Any CPU
		{1B3B63A7-5754-451D-B987-124A243B98AD}.Debug|x64.ActiveCfg = Debug|Any CPU
		{1B3B63A7-5754-451D-B987-124A243B98AD}.Debug|x64.Build.0 = Debug|Any CPU
		{1B3B63A7-5754-451D-B987-124A243B98AD}.Debug|x64.Deploy.0 = Debug|Any CPU
		{1B3B63A7-5754-451D-B987-124A243B98AD}.Debug|x86.ActiveCfg = Debug|Any CPU
		{1B3B63A7-5754-451D-B987-124A243B98AD}.Debug|x86.Build.0 = Debug|Any CPU
		{1B3B63A7-5754-451D-B987-124A243B98AD}.Debug|x86.Deploy.0 = Debug|Any CPU
		{1B3B63A7-5754-451D-B987-124A243B98AD}.Release|Any CPU.ActiveCfg = Release|Any CPU
		{1B3B63A7-5754-451D-B987-124A243B98AD}.Release|Any CPU.Build.0 = Release|Any CPU
		{1B3B63A7-5754-451D-B987-124A243B98AD}.Release|Any CPU.Deploy.0 = Release|Any CPU
		{1B3B63A7-5754-451D-B987-124A243B98AD}.Release|ARM.ActiveCfg = Release|Any CPU
		{1B3B63A7-5754-451D-B987-124A243B98AD}.Release|ARM.Build.0 = Release|Any CPU
		{1B3B63A7-5754-451D-B987-124A243B98AD}.Release|ARM.Deploy.0 = Release|Any CPU
		{1B3B63A7-5754-451D-B987-124A243B98AD}.Release|iPhone.ActiveCfg = Release|Any CPU
		{1B3B63A7-5754-451D-B987-124A243B98AD}.Release|iPhone.Build.0 = Release|Any CPU
		{1B3B63A7-5754-451D-B987-124A243B98AD}.Release|iPhone.Deploy.0 = Release|Any CPU
		{1B3B63A7-5754-451D-B987-124A243B98AD}.Release|iPhoneSimulator.ActiveCfg = Release|Any CPU
		{1B3B63A7-5754-451D-B987-124A243B98AD}.Release|iPhoneSimulator.Build.0 = Release|Any CPU
		{1B3B63A7-5754-451D-B987-124A243B98AD}.Release|iPhoneSimulator.Deploy.0 = Release|Any CPU
		{1B3B63A7-5754-451D-B987-124A243B98AD}.Release|x64.ActiveCfg = Release|Any CPU
		{1B3B63A7-5754-451D-B987-124A243B98AD}.Release|x64.Build.0 = Release|Any CPU
		{1B3B63A7-5754-451D-B987-124A243B98AD}.Release|x64.Deploy.0 = Release|Any CPU
		{1B3B63A7-5754-451D-B987-124A243B98AD}.Release|x86.ActiveCfg = Release|Any CPU
		{1B3B63A7-5754-451D-B987-124A243B98AD}.Release|x86.Build.0 = Release|Any CPU
		{1B3B63A7-5754-451D-B987-124A243B98AD}.Release|x86.Deploy.0 = Release|Any CPU
	EndGlobalSection
	GlobalSection(SolutionProperties) = preSolution
		HideSolutionNode = FALSE
	EndGlobalSection
	GlobalSection(ExtensibilityGlobals) = postSolution
		SolutionGuid = {A1C5B9F4-80C2-49A3-A87F-FBF2490B4B5E}
	EndGlobalSection
EndGlobal
