
Microsoft Visual Studio Solution File, Format Version 12.00
# Visual Studio 15
VisualStudioVersion = 15.0.27703.2026
MinimumVisualStudioVersion = 10.0.40219.1
Project("{FAE04EC0-301F-11D3-BF4B-00C04F79EFBC}") = "PokerDex", "PokerDex\PokerDex\PokerDex.csproj", "{1F25D3E8-640C-424D-9504-A46E304B40D5}"
EndProject
Project("{FAE04EC0-301F-11D3-BF4B-00C04F79EFBC}") = "PokerDex.Android", "PokerDex\PokerDex.Android\PokerDex.Android.csproj", "{43F99E8C-02EA-45B2-AB09-F06299D3763C}"
EndProject
Project("{FAE04EC0-301F-11D3-BF4B-00C04F79EFBC}") = "PokerDex.iOS", "PokerDex\PokerDex.iOS\PokerDex.iOS.csproj", "{E0A0AF77-AE10-4563-A628-453FCD46F865}"
EndProject
Project("{FAE04EC0-301F-11D3-BF4B-00C04F79EFBC}") = "PokerDex.UWP", "PokerDex\PokerDex.UWP\PokerDex.UWP.csproj", "{304BFB5C-D9D9-4F24-943A-18F1B8957C85}"
EndProject
Global
	GlobalSection(SolutionConfigurationPlatforms) = preSolution
		Ad-Hoc|Any CPU = Ad-Hoc|Any CPU
		Ad-Hoc|ARM = Ad-Hoc|ARM
		Ad-Hoc|iPhone = Ad-Hoc|iPhone
		Ad-Hoc|iPhoneSimulator = Ad-Hoc|iPhoneSimulator
		Ad-Hoc|x64 = Ad-Hoc|x64
		Ad-Hoc|x86 = Ad-Hoc|x86
		AppStore|Any CPU = AppStore|Any CPU
		AppStore|ARM = AppStore|ARM
		AppStore|iPhone = AppStore|iPhone
		AppStore|iPhoneSimulator = AppStore|iPhoneSimulator
		AppStore|x64 = AppStore|x64
		AppStore|x86 = AppStore|x86
		Debug|Any CPU = Debug|Any CPU
		Debug|ARM = Debug|ARM
		Debug|iPhone = Debug|iPhone
		Debug|iPhoneSimulator = Debug|iPhoneSimulator
		Debug|x64 = Debug|x64
		Debug|x86 = Debug|x86
		Release|Any CPU = Release|Any CPU
		Release|ARM = Release|ARM
		Release|iPhone = Release|iPhone
		Release|iPhoneSimulator = Release|iPhoneSimulator
		Release|x64 = Release|x64
		Release|x86 = Release|x86
	EndGlobalSection
	GlobalSection(ProjectConfigurationPlatforms) = postSolution
		{1F25D3E8-640C-424D-9504-A46E304B40D5}.Ad-Hoc|Any CPU.ActiveCfg = Debug|Any CPU
		{1F25D3E8-640C-424D-9504-A46E304B40D5}.Ad-Hoc|Any CPU.Build.0 = Debug|Any CPU
		{1F25D3E8-640C-424D-9504-A46E304B40D5}.Ad-Hoc|ARM.ActiveCfg = Debug|Any CPU
		{1F25D3E8-640C-424D-9504-A46E304B40D5}.Ad-Hoc|ARM.Build.0 = Debug|Any CPU
		{1F25D3E8-640C-424D-9504-A46E304B40D5}.Ad-Hoc|iPhone.ActiveCfg = Debug|Any CPU
		{1F25D3E8-640C-424D-9504-A46E304B40D5}.Ad-Hoc|iPhone.Build.0 = Debug|Any CPU
		{1F25D3E8-640C-424D-9504-A46E304B40D5}.Ad-Hoc|iPhoneSimulator.ActiveCfg = Debug|Any CPU
		{1F25D3E8-640C-424D-9504-A46E304B40D5}.Ad-Hoc|iPhoneSimulator.Build.0 = Debug|Any CPU
		{1F25D3E8-640C-424D-9504-A46E304B40D5}.Ad-Hoc|x64.ActiveCfg = Debug|Any CPU
		{1F25D3E8-640C-424D-9504-A46E304B40D5}.Ad-Hoc|x64.Build.0 = Debug|Any CPU
		{1F25D3E8-640C-424D-9504-A46E304B40D5}.Ad-Hoc|x86.ActiveCfg = Debug|Any CPU
		{1F25D3E8-640C-424D-9504-A46E304B40D5}.Ad-Hoc|x86.Build.0 = Debug|Any CPU
		{1F25D3E8-640C-424D-9504-A46E304B40D5}.AppStore|Any CPU.ActiveCfg = Debug|Any CPU
		{1F25D3E8-640C-424D-9504-A46E304B40D5}.AppStore|Any CPU.Build.0 = Debug|Any CPU
		{1F25D3E8-640C-424D-9504-A46E304B40D5}.AppStore|ARM.ActiveCfg = Debug|Any CPU
		{1F25D3E8-640C-424D-9504-A46E304B40D5}.AppStore|ARM.Build.0 = Debug|Any CPU
		{1F25D3E8-640C-424D-9504-A46E304B40D5}.AppStore|iPhone.ActiveCfg = Debug|Any CPU
		{1F25D3E8-640C-424D-9504-A46E304B40D5}.AppStore|iPhone.Build.0 = Debug|Any CPU
		{1F25D3E8-640C-424D-9504-A46E304B40D5}.AppStore|iPhoneSimulator.ActiveCfg = Debug|Any CPU
		{1F25D3E8-640C-424D-9504-A46E304B40D5}.AppStore|iPhoneSimulator.Build.0 = Debug|Any CPU
		{1F25D3E8-640C-424D-9504-A46E304B40D5}.AppStore|x64.ActiveCfg = Debug|Any CPU
		{1F25D3E8-640C-424D-9504-A46E304B40D5}.AppStore|x64.Build.0 = Debug|Any CPU
		{1F25D3E8-640C-424D-9504-A46E304B40D5}.AppStore|x86.ActiveCfg = Debug|Any CPU
		{1F25D3E8-640C-424D-9504-A46E304B40D5}.AppStore|x86.Build.0 = Debug|Any CPU
		{1F25D3E8-640C-424D-9504-A46E304B40D5}.Debug|Any CPU.ActiveCfg = Debug|Any CPU
		{1F25D3E8-640C-424D-9504-A46E304B40D5}.Debug|Any CPU.Build.0 = Debug|Any CPU
		{1F25D3E8-640C-424D-9504-A46E304B40D5}.Debug|ARM.ActiveCfg = Debug|Any CPU
		{1F25D3E8-640C-424D-9504-A46E304B40D5}.Debug|ARM.Build.0 = Debug|Any CPU
		{1F25D3E8-640C-424D-9504-A46E304B40D5}.Debug|iPhone.ActiveCfg = Debug|Any CPU
		{1F25D3E8-640C-424D-9504-A46E304B40D5}.Debug|iPhone.Build.0 = Debug|Any CPU
		{1F25D3E8-640C-424D-9504-A46E304B40D5}.Debug|iPhoneSimulator.ActiveCfg = Debug|Any CPU
		{1F25D3E8-640C-424D-9504-A46E304B40D5}.Debug|iPhoneSimulator.Build.0 = Debug|Any CPU
		{1F25D3E8-640C-424D-9504-A46E304B40D5}.Debug|x64.ActiveCfg = Debug|Any CPU
		{1F25D3E8-640C-424D-9504-A46E304B40D5}.Debug|x64.Build.0 = Debug|Any CPU
		{1F25D3E8-640C-424D-9504-A46E304B40D5}.Debug|x86.ActiveCfg = Debug|Any CPU
		{1F25D3E8-640C-424D-9504-A46E304B40D5}.Debug|x86.Build.0 = Debug|Any CPU
		{1F25D3E8-640C-424D-9504-A46E304B40D5}.Release|Any CPU.ActiveCfg = Release|Any CPU
		{1F25D3E8-640C-424D-9504-A46E304B40D5}.Release|Any CPU.Build.0 = Release|Any CPU
		{1F25D3E8-640C-424D-9504-A46E304B40D5}.Release|ARM.ActiveCfg = Release|Any CPU
		{1F25D3E8-640C-424D-9504-A46E304B40D5}.Release|ARM.Build.0 = Release|Any CPU
		{1F25D3E8-640C-424D-9504-A46E304B40D5}.Release|iPhone.ActiveCfg = Release|Any CPU
		{1F25D3E8-640C-424D-9504-A46E304B40D5}.Release|iPhone.Build.0 = Release|Any CPU
		{1F25D3E8-640C-424D-9504-A46E304B40D5}.Release|iPhoneSimulator.ActiveCfg = Release|Any CPU
		{1F25D3E8-640C-424D-9504-A46E304B40D5}.Release|iPhoneSimulator.Build.0 = Release|Any CPU
		{1F25D3E8-640C-424D-9504-A46E304B40D5}.Release|x64.ActiveCfg = Release|Any CPU
		{1F25D3E8-640C-424D-9504-A46E304B40D5}.Release|x64.Build.0 = Release|Any CPU
		{1F25D3E8-640C-424D-9504-A46E304B40D5}.Release|x86.ActiveCfg = Release|Any CPU
		{1F25D3E8-640C-424D-9504-A46E304B40D5}.Release|x86.Build.0 = Release|Any CPU
		{43F99E8C-02EA-45B2-AB09-F06299D3763C}.Ad-Hoc|Any CPU.ActiveCfg = Release|Any CPU
		{43F99E8C-02EA-45B2-AB09-F06299D3763C}.Ad-Hoc|Any CPU.Build.0 = Release|Any CPU
		{43F99E8C-02EA-45B2-AB09-F06299D3763C}.Ad-Hoc|Any CPU.Deploy.0 = Release|Any CPU
		{43F99E8C-02EA-45B2-AB09-F06299D3763C}.Ad-Hoc|ARM.ActiveCfg = Release|Any CPU
		{43F99E8C-02EA-45B2-AB09-F06299D3763C}.Ad-Hoc|ARM.Build.0 = Release|Any CPU
		{43F99E8C-02EA-45B2-AB09-F06299D3763C}.Ad-Hoc|ARM.Deploy.0 = Release|Any CPU
		{43F99E8C-02EA-45B2-AB09-F06299D3763C}.Ad-Hoc|iPhone.ActiveCfg = Release|Any CPU
		{43F99E8C-02EA-45B2-AB09-F06299D3763C}.Ad-Hoc|iPhone.Build.0 = Release|Any CPU
		{43F99E8C-02EA-45B2-AB09-F06299D3763C}.Ad-Hoc|iPhone.Deploy.0 = Release|Any CPU
		{43F99E8C-02EA-45B2-AB09-F06299D3763C}.Ad-Hoc|iPhoneSimulator.ActiveCfg = Release|Any CPU
		{43F99E8C-02EA-45B2-AB09-F06299D3763C}.Ad-Hoc|iPhoneSimulator.Build.0 = Release|Any CPU
		{43F99E8C-02EA-45B2-AB09-F06299D3763C}.Ad-Hoc|iPhoneSimulator.Deploy.0 = Release|Any CPU
		{43F99E8C-02EA-45B2-AB09-F06299D3763C}.Ad-Hoc|x64.ActiveCfg = Release|Any CPU
		{43F99E8C-02EA-45B2-AB09-F06299D3763C}.Ad-Hoc|x64.Build.0 = Release|Any CPU
		{43F99E8C-02EA-45B2-AB09-F06299D3763C}.Ad-Hoc|x64.Deploy.0 = Release|Any CPU
		{43F99E8C-02EA-45B2-AB09-F06299D3763C}.Ad-Hoc|x86.ActiveCfg = Release|Any CPU
		{43F99E8C-02EA-45B2-AB09-F06299D3763C}.Ad-Hoc|x86.Build.0 = Release|Any CPU
		{43F99E8C-02EA-45B2-AB09-F06299D3763C}.Ad-Hoc|x86.Deploy.0 = Release|Any CPU
		{43F99E8C-02EA-45B2-AB09-F06299D3763C}.AppStore|Any CPU.ActiveCfg = Release|Any CPU
		{43F99E8C-02EA-45B2-AB09-F06299D3763C}.AppStore|Any CPU.Build.0 = Release|Any CPU
		{43F99E8C-02EA-45B2-AB09-F06299D3763C}.AppStore|Any CPU.Deploy.0 = Release|Any CPU
		{43F99E8C-02EA-45B2-AB09-F06299D3763C}.AppStore|ARM.ActiveCfg = Release|Any CPU
		{43F99E8C-02EA-45B2-AB09-F06299D3763C}.AppStore|ARM.Build.0 = Release|Any CPU
		{43F99E8C-02EA-45B2-AB09-F06299D3763C}.AppStore|ARM.Deploy.0 = Release|Any CPU
		{43F99E8C-02EA-45B2-AB09-F06299D3763C}.AppStore|iPhone.ActiveCfg = Release|Any CPU
		{43F99E8C-02EA-45B2-AB09-F06299D3763C}.AppStore|iPhone.Build.0 = Release|Any CPU
		{43F99E8C-02EA-45B2-AB09-F06299D3763C}.AppStore|iPhone.Deploy.0 = Release|Any CPU
		{43F99E8C-02EA-45B2-AB09-F06299D3763C}.AppStore|iPhoneSimulator.ActiveCfg = Release|Any CPU
		{43F99E8C-02EA-45B2-AB09-F06299D3763C}.AppStore|iPhoneSimulator.Build.0 = Release|Any CPU
		{43F99E8C-02EA-45B2-AB09-F06299D3763C}.AppStore|iPhoneSimulator.Deploy.0 = Release|Any CPU
		{43F99E8C-02EA-45B2-AB09-F06299D3763C}.AppStore|x64.ActiveCfg = Release|Any CPU
		{43F99E8C-02EA-45B2-AB09-F06299D3763C}.AppStore|x64.Build.0 = Release|Any CPU
		{43F99E8C-02EA-45B2-AB09-F06299D3763C}.AppStore|x64.Deploy.0 = Release|Any CPU
		{43F99E8C-02EA-45B2-AB09-F06299D3763C}.AppStore|x86.ActiveCfg = Release|Any CPU
		{43F99E8C-02EA-45B2-AB09-F06299D3763C}.AppStore|x86.Build.0 = Release|Any CPU
		{43F99E8C-02EA-45B2-AB09-F06299D3763C}.AppStore|x86.Deploy.0 = Release|Any CPU
		{43F99E8C-02EA-45B2-AB09-F06299D3763C}.Debug|Any CPU.ActiveCfg = Debug|Any CPU
		{43F99E8C-02EA-45B2-AB09-F06299D3763C}.Debug|Any CPU.Build.0 = Debug|Any CPU
		{43F99E8C-02EA-45B2-AB09-F06299D3763C}.Debug|Any CPU.Deploy.0 = Debug|Any CPU
		{43F99E8C-02EA-45B2-AB09-F06299D3763C}.Debug|ARM.ActiveCfg = Debug|Any CPU
		{43F99E8C-02EA-45B2-AB09-F06299D3763C}.Debug|ARM.Build.0 = Debug|Any CPU
		{43F99E8C-02EA-45B2-AB09-F06299D3763C}.Debug|ARM.Deploy.0 = Debug|Any CPU
		{43F99E8C-02EA-45B2-AB09-F06299D3763C}.Debug|iPhone.ActiveCfg = Debug|Any CPU
		{43F99E8C-02EA-45B2-AB09-F06299D3763C}.Debug|iPhone.Build.0 = Debug|Any CPU
		{43F99E8C-02EA-45B2-AB09-F06299D3763C}.Debug|iPhone.Deploy.0 = Debug|Any CPU
		{43F99E8C-02EA-45B2-AB09-F06299D3763C}.Debug|iPhoneSimulator.ActiveCfg = Debug|Any CPU
		{43F99E8C-02EA-45B2-AB09-F06299D3763C}.Debug|iPhoneSimulator.Build.0 = Debug|Any CPU
		{43F99E8C-02EA-45B2-AB09-F06299D3763C}.Debug|iPhoneSimulator.Deploy.0 = Debug|Any CPU
		{43F99E8C-02EA-45B2-AB09-F06299D3763C}.Debug|x64.ActiveCfg = Debug|Any CPU
		{43F99E8C-02EA-45B2-AB09-F06299D3763C}.Debug|x64.Build.0 = Debug|Any CPU
		{43F99E8C-02EA-45B2-AB09-F06299D3763C}.Debug|x64.Deploy.0 = Debug|Any CPU
		{43F99E8C-02EA-45B2-AB09-F06299D3763C}.Debug|x86.ActiveCfg = Debug|Any CPU
		{43F99E8C-02EA-45B2-AB09-F06299D3763C}.Debug|x86.Build.0 = Debug|Any CPU
		{43F99E8C-02EA-45B2-AB09-F06299D3763C}.Debug|x86.Deploy.0 = Debug|Any CPU
		{43F99E8C-02EA-45B2-AB09-F06299D3763C}.Release|Any CPU.ActiveCfg = Release|Any CPU
		{43F99E8C-02EA-45B2-AB09-F06299D3763C}.Release|Any CPU.Build.0 = Release|Any CPU
		{43F99E8C-02EA-45B2-AB09-F06299D3763C}.Release|Any CPU.Deploy.0 = Release|Any CPU
		{43F99E8C-02EA-45B2-AB09-F06299D3763C}.Release|ARM.ActiveCfg = Release|Any CPU
		{43F99E8C-02EA-45B2-AB09-F06299D3763C}.Release|ARM.Build.0 = Release|Any CPU
		{43F99E8C-02EA-45B2-AB09-F06299D3763C}.Release|ARM.Deploy.0 = Release|Any CPU
		{43F99E8C-02EA-45B2-AB09-F06299D3763C}.Release|iPhone.ActiveCfg = Release|Any CPU
		{43F99E8C-02EA-45B2-AB09-F06299D3763C}.Release|iPhone.Build.0 = Release|Any CPU
		{43F99E8C-02EA-45B2-AB09-F06299D3763C}.Release|iPhone.Deploy.0 = Release|Any CPU
		{43F99E8C-02EA-45B2-AB09-F06299D3763C}.Release|iPhoneSimulator.ActiveCfg = Release|Any CPU
		{43F99E8C-02EA-45B2-AB09-F06299D3763C}.Release|iPhoneSimulator.Build.0 = Release|Any CPU
		{43F99E8C-02EA-45B2-AB09-F06299D3763C}.Release|iPhoneSimulator.Deploy.0 = Release|Any CPU
		{43F99E8C-02EA-45B2-AB09-F06299D3763C}.Release|x64.ActiveCfg = Release|Any CPU
		{43F99E8C-02EA-45B2-AB09-F06299D3763C}.Release|x64.Build.0 = Release|Any CPU
		{43F99E8C-02EA-45B2-AB09-F06299D3763C}.Release|x64.Deploy.0 = Release|Any CPU
		{43F99E8C-02EA-45B2-AB09-F06299D3763C}.Release|x86.ActiveCfg = Release|Any CPU
		{43F99E8C-02EA-45B2-AB09-F06299D3763C}.Release|x86.Build.0 = Release|Any CPU
		{43F99E8C-02EA-45B2-AB09-F06299D3763C}.Release|x86.Deploy.0 = Release|Any CPU
		{E0A0AF77-AE10-4563-A628-453FCD46F865}.Ad-Hoc|Any CPU.ActiveCfg = Ad-Hoc|iPhone
		{E0A0AF77-AE10-4563-A628-453FCD46F865}.Ad-Hoc|ARM.ActiveCfg = Ad-Hoc|iPhone
		{E0A0AF77-AE10-4563-A628-453FCD46F865}.Ad-Hoc|iPhone.ActiveCfg = Ad-Hoc|iPhone
		{E0A0AF77-AE10-4563-A628-453FCD46F865}.Ad-Hoc|iPhone.Build.0 = Ad-Hoc|iPhone
		{E0A0AF77-AE10-4563-A628-453FCD46F865}.Ad-Hoc|iPhoneSimulator.ActiveCfg = Ad-Hoc|iPhoneSimulator
		{E0A0AF77-AE10-4563-A628-453FCD46F865}.Ad-Hoc|iPhoneSimulator.Build.0 = Ad-Hoc|iPhoneSimulator
		{E0A0AF77-AE10-4563-A628-453FCD46F865}.Ad-Hoc|x64.ActiveCfg = Ad-Hoc|iPhone
		{E0A0AF77-AE10-4563-A628-453FCD46F865}.Ad-Hoc|x86.ActiveCfg = Ad-Hoc|iPhone
		{E0A0AF77-AE10-4563-A628-453FCD46F865}.AppStore|Any CPU.ActiveCfg = AppStore|iPhone
		{E0A0AF77-AE10-4563-A628-453FCD46F865}.AppStore|ARM.ActiveCfg = AppStore|iPhone
		{E0A0AF77-AE10-4563-A628-453FCD46F865}.AppStore|iPhone.ActiveCfg = AppStore|iPhone
		{E0A0AF77-AE10-4563-A628-453FCD46F865}.AppStore|iPhone.Build.0 = AppStore|iPhone
		{E0A0AF77-AE10-4563-A628-453FCD46F865}.AppStore|iPhoneSimulator.ActiveCfg = AppStore|iPhoneSimulator
		{E0A0AF77-AE10-4563-A628-453FCD46F865}.AppStore|iPhoneSimulator.Build.0 = AppStore|iPhoneSimulator
		{E0A0AF77-AE10-4563-A628-453FCD46F865}.AppStore|x64.ActiveCfg = AppStore|iPhone
		{E0A0AF77-AE10-4563-A628-453FCD46F865}.AppStore|x86.ActiveCfg = AppStore|iPhone
		{E0A0AF77-AE10-4563-A628-453FCD46F865}.Debug|Any CPU.ActiveCfg = Debug|iPhone
		{E0A0AF77-AE10-4563-A628-453FCD46F865}.Debug|ARM.ActiveCfg = Debug|iPhone
		{E0A0AF77-AE10-4563-A628-453FCD46F865}.Debug|iPhone.ActiveCfg = Debug|iPhone
		{E0A0AF77-AE10-4563-A628-453FCD46F865}.Debug|iPhone.Build.0 = Debug|iPhone
		{E0A0AF77-AE10-4563-A628-453FCD46F865}.Debug|iPhoneSimulator.ActiveCfg = Debug|iPhoneSimulator
		{E0A0AF77-AE10-4563-A628-453FCD46F865}.Debug|iPhoneSimulator.Build.0 = Debug|iPhoneSimulator
		{E0A0AF77-AE10-4563-A628-453FCD46F865}.Debug|x64.ActiveCfg = Debug|iPhone
		{E0A0AF77-AE10-4563-A628-453FCD46F865}.Debug|x86.ActiveCfg = Debug|iPhone
		{E0A0AF77-AE10-4563-A628-453FCD46F865}.Release|Any CPU.ActiveCfg = Release|iPhone
		{E0A0AF77-AE10-4563-A628-453FCD46F865}.Release|ARM.ActiveCfg = Release|iPhone
		{E0A0AF77-AE10-4563-A628-453FCD46F865}.Release|iPhone.ActiveCfg = Release|iPhone
		{E0A0AF77-AE10-4563-A628-453FCD46F865}.Release|iPhone.Build.0 = Release|iPhone
		{E0A0AF77-AE10-4563-A628-453FCD46F865}.Release|iPhoneSimulator.ActiveCfg = Release|iPhoneSimulator
		{E0A0AF77-AE10-4563-A628-453FCD46F865}.Release|iPhoneSimulator.Build.0 = Release|iPhoneSimulator
		{E0A0AF77-AE10-4563-A628-453FCD46F865}.Release|x64.ActiveCfg = Release|iPhone
		{E0A0AF77-AE10-4563-A628-453FCD46F865}.Release|x86.ActiveCfg = Release|iPhone
		{304BFB5C-D9D9-4F24-943A-18F1B8957C85}.Ad-Hoc|Any CPU.ActiveCfg = Release|x86
		{304BFB5C-D9D9-4F24-943A-18F1B8957C85}.Ad-Hoc|Any CPU.Build.0 = Release|x86
		{304BFB5C-D9D9-4F24-943A-18F1B8957C85}.Ad-Hoc|Any CPU.Deploy.0 = Release|x86
		{304BFB5C-D9D9-4F24-943A-18F1B8957C85}.Ad-Hoc|ARM.ActiveCfg = Release|ARM
		{304BFB5C-D9D9-4F24-943A-18F1B8957C85}.Ad-Hoc|ARM.Build.0 = Release|ARM
		{304BFB5C-D9D9-4F24-943A-18F1B8957C85}.Ad-Hoc|ARM.Deploy.0 = Release|ARM
		{304BFB5C-D9D9-4F24-943A-18F1B8957C85}.Ad-Hoc|iPhone.ActiveCfg = Release|x86
		{304BFB5C-D9D9-4F24-943A-18F1B8957C85}.Ad-Hoc|iPhone.Build.0 = Release|x86
		{304BFB5C-D9D9-4F24-943A-18F1B8957C85}.Ad-Hoc|iPhone.Deploy.0 = Release|x86
		{304BFB5C-D9D9-4F24-943A-18F1B8957C85}.Ad-Hoc|iPhoneSimulator.ActiveCfg = Release|x86
		{304BFB5C-D9D9-4F24-943A-18F1B8957C85}.Ad-Hoc|iPhoneSimulator.Build.0 = Release|x86
		{304BFB5C-D9D9-4F24-943A-18F1B8957C85}.Ad-Hoc|iPhoneSimulator.Deploy.0 = Release|x86
		{304BFB5C-D9D9-4F24-943A-18F1B8957C85}.Ad-Hoc|x64.ActiveCfg = Release|x64
		{304BFB5C-D9D9-4F24-943A-18F1B8957C85}.Ad-Hoc|x64.Build.0 = Release|x64
		{304BFB5C-D9D9-4F24-943A-18F1B8957C85}.Ad-Hoc|x64.Deploy.0 = Release|x64
		{304BFB5C-D9D9-4F24-943A-18F1B8957C85}.Ad-Hoc|x86.ActiveCfg = Release|x86
		{304BFB5C-D9D9-4F24-943A-18F1B8957C85}.Ad-Hoc|x86.Build.0 = Release|x86
		{304BFB5C-D9D9-4F24-943A-18F1B8957C85}.Ad-Hoc|x86.Deploy.0 = Release|x86
		{304BFB5C-D9D9-4F24-943A-18F1B8957C85}.AppStore|Any CPU.ActiveCfg = Release|x86
		{304BFB5C-D9D9-4F24-943A-18F1B8957C85}.AppStore|Any CPU.Build.0 = Release|x86
		{304BFB5C-D9D9-4F24-943A-18F1B8957C85}.AppStore|Any CPU.Deploy.0 = Release|x86
		{304BFB5C-D9D9-4F24-943A-18F1B8957C85}.AppStore|ARM.ActiveCfg = Release|ARM
		{304BFB5C-D9D9-4F24-943A-18F1B8957C85}.AppStore|ARM.Build.0 = Release|ARM
		{304BFB5C-D9D9-4F24-943A-18F1B8957C85}.AppStore|ARM.Deploy.0 = Release|ARM
		{304BFB5C-D9D9-4F24-943A-18F1B8957C85}.AppStore|iPhone.ActiveCfg = Release|x86
		{304BFB5C-D9D9-4F24-943A-18F1B8957C85}.AppStore|iPhone.Build.0 = Release|x86
		{304BFB5C-D9D9-4F24-943A-18F1B8957C85}.AppStore|iPhone.Deploy.0 = Release|x86
		{304BFB5C-D9D9-4F24-943A-18F1B8957C85}.AppStore|iPhoneSimulator.ActiveCfg = Release|x86
		{304BFB5C-D9D9-4F24-943A-18F1B8957C85}.AppStore|iPhoneSimulator.Build.0 = Release|x86
		{304BFB5C-D9D9-4F24-943A-18F1B8957C85}.AppStore|iPhoneSimulator.Deploy.0 = Release|x86
		{304BFB5C-D9D9-4F24-943A-18F1B8957C85}.AppStore|x64.ActiveCfg = Release|x64
		{304BFB5C-D9D9-4F24-943A-18F1B8957C85}.AppStore|x64.Build.0 = Release|x64
		{304BFB5C-D9D9-4F24-943A-18F1B8957C85}.AppStore|x64.Deploy.0 = Release|x64
		{304BFB5C-D9D9-4F24-943A-18F1B8957C85}.AppStore|x86.ActiveCfg = Release|x86
		{304BFB5C-D9D9-4F24-943A-18F1B8957C85}.AppStore|x86.Build.0 = Release|x86
		{304BFB5C-D9D9-4F24-943A-18F1B8957C85}.AppStore|x86.Deploy.0 = Release|x86
		{304BFB5C-D9D9-4F24-943A-18F1B8957C85}.Debug|Any CPU.ActiveCfg = Debug|x86
		{304BFB5C-D9D9-4F24-943A-18F1B8957C85}.Debug|ARM.ActiveCfg = Debug|ARM
		{304BFB5C-D9D9-4F24-943A-18F1B8957C85}.Debug|ARM.Build.0 = Debug|ARM
		{304BFB5C-D9D9-4F24-943A-18F1B8957C85}.Debug|ARM.Deploy.0 = Debug|ARM
		{304BFB5C-D9D9-4F24-943A-18F1B8957C85}.Debug|iPhone.ActiveCfg = Debug|x86
		{304BFB5C-D9D9-4F24-943A-18F1B8957C85}.Debug|iPhoneSimulator.ActiveCfg = Debug|x86
		{304BFB5C-D9D9-4F24-943A-18F1B8957C85}.Debug|x64.ActiveCfg = Debug|x64
		{304BFB5C-D9D9-4F24-943A-18F1B8957C85}.Debug|x64.Build.0 = Debug|x64
		{304BFB5C-D9D9-4F24-943A-18F1B8957C85}.Debug|x64.Deploy.0 = Debug|x64
		{304BFB5C-D9D9-4F24-943A-18F1B8957C85}.Debug|x86.ActiveCfg = Debug|x86
		{304BFB5C-D9D9-4F24-943A-18F1B8957C85}.Debug|x86.Build.0 = Debug|x86
		{304BFB5C-D9D9-4F24-943A-18F1B8957C85}.Debug|x86.Deploy.0 = Debug|x86
		{304BFB5C-D9D9-4F24-943A-18F1B8957C85}.Release|Any CPU.ActiveCfg = Release|x86
		{304BFB5C-D9D9-4F24-943A-18F1B8957C85}.Release|ARM.ActiveCfg = Release|ARM
		{304BFB5C-D9D9-4F24-943A-18F1B8957C85}.Release|ARM.Build.0 = Release|ARM
		{304BFB5C-D9D9-4F24-943A-18F1B8957C85}.Release|ARM.Deploy.0 = Release|ARM
		{304BFB5C-D9D9-4F24-943A-18F1B8957C85}.Release|iPhone.ActiveCfg = Release|x86
		{304BFB5C-D9D9-4F24-943A-18F1B8957C85}.Release|iPhoneSimulator.ActiveCfg = Release|x86
		{304BFB5C-D9D9-4F24-943A-18F1B8957C85}.Release|x64.ActiveCfg = Release|x64
		{304BFB5C-D9D9-4F24-943A-18F1B8957C85}.Release|x64.Build.0 = Release|x64
		{304BFB5C-D9D9-4F24-943A-18F1B8957C85}.Release|x64.Deploy.0 = Release|x64
		{304BFB5C-D9D9-4F24-943A-18F1B8957C85}.Release|x86.ActiveCfg = Release|x86
		{304BFB5C-D9D9-4F24-943A-18F1B8957C85}.Release|x86.Build.0 = Release|x86
		{304BFB5C-D9D9-4F24-943A-18F1B8957C85}.Release|x86.Deploy.0 = Release|x86
	EndGlobalSection
	GlobalSection(SolutionProperties) = preSolution
		HideSolutionNode = FALSE
	EndGlobalSection
	GlobalSection(ExtensibilityGlobals) = postSolution
		SolutionGuid = {6E0DC386-85AE-4717-A9EC-C448FABFD44A}
	EndGlobalSection
EndGlobal
