
Microsoft Visual Studio Solution File, Format Version 12.00
# Visual Studio 15
VisualStudioVersion = 15.0.27703.2026
MinimumVisualStudioVersion = 10.0.40219.1
Project("{FAE04EC0-301F-11D3-BF4B-00C04F79EFBC}") = "Counter.Android", "Counter\Counter.Android\Counter.Android.csproj", "{11546E48-7E13-4B47-8584-FB47EFBBD9C2}"
EndProject
Project("{FAE04EC0-301F-11D3-BF4B-00C04F79EFBC}") = "Counter.iOS", "Counter\Counter.iOS\Counter.iOS.csproj", "{203AD896-D3E2-420D-AD2E-18293D2B6E8A}"
EndProject
Project("{FAE04EC0-301F-11D3-BF4B-00C04F79EFBC}") = "Counter.UWP", "Counter\Counter.UWP\Counter.UWP.csproj", "{5FC2D837-4CD4-4D1D-B544-9AA1E5E8FC6C}"
EndProject
Project("{FAE04EC0-301F-11D3-BF4B-00C04F79EFBC}") = "Counter", "Counter\Counter\Counter.csproj", "{F86AA845-200A-4281-BB68-EEE08AB985DF}"
EndProject
Global
	GlobalSection(SolutionConfigurationPlatforms) = preSolution
		Ad-Hoc|Any CPU = Ad-Hoc|Any CPU
		Ad-Hoc|ARM = Ad-Hoc|ARM
		Ad-Hoc|iPhone = Ad-Hoc|iPhone
		Ad-Hoc|iPhoneSimulator = Ad-Hoc|iPhoneSimulator
		Ad-Hoc|x64 = Ad-Hoc|x64
		Ad-Hoc|x86 = Ad-Hoc|x86
		AppStore|Any CPU = AppStore|Any CPU
		AppStore|ARM = AppStore|ARM
		AppStore|iPhone = AppStore|iPhone
		AppStore|iPhoneSimulator = AppStore|iPhoneSimulator
		AppStore|x64 = AppStore|x64
		AppStore|x86 = AppStore|x86
		Debug|Any CPU = Debug|Any CPU
		Debug|ARM = Debug|ARM
		Debug|iPhone = Debug|iPhone
		Debug|iPhoneSimulator = Debug|iPhoneSimulator
		Debug|x64 = Debug|x64
		Debug|x86 = Debug|x86
		Release|Any CPU = Release|Any CPU
		Release|ARM = Release|ARM
		Release|iPhone = Release|iPhone
		Release|iPhoneSimulator = Release|iPhoneSimulator
		Release|x64 = Release|x64
		Release|x86 = Release|x86
	EndGlobalSection
	GlobalSection(ProjectConfigurationPlatforms) = postSolution
		{11546E48-7E13-4B47-8584-FB47EFBBD9C2}.Ad-Hoc|Any CPU.ActiveCfg = Release|Any CPU
		{11546E48-7E13-4B47-8584-FB47EFBBD9C2}.Ad-Hoc|Any CPU.Build.0 = Release|Any CPU
		{11546E48-7E13-4B47-8584-FB47EFBBD9C2}.Ad-Hoc|Any CPU.Deploy.0 = Release|Any CPU
		{11546E48-7E13-4B47-8584-FB47EFBBD9C2}.Ad-Hoc|ARM.ActiveCfg = Release|Any CPU
		{11546E48-7E13-4B47-8584-FB47EFBBD9C2}.Ad-Hoc|ARM.Build.0 = Release|Any CPU
		{11546E48-7E13-4B47-8584-FB47EFBBD9C2}.Ad-Hoc|ARM.Deploy.0 = Release|Any CPU
		{11546E48-7E13-4B47-8584-FB47EFBBD9C2}.Ad-Hoc|iPhone.ActiveCfg = Release|Any CPU
		{11546E48-7E13-4B47-8584-FB47EFBBD9C2}.Ad-Hoc|iPhone.Build.0 = Release|Any CPU
		{11546E48-7E13-4B47-8584-FB47EFBBD9C2}.Ad-Hoc|iPhone.Deploy.0 = Release|Any CPU
		{11546E48-7E13-4B47-8584-FB47EFBBD9C2}.Ad-Hoc|iPhoneSimulator.ActiveCfg = Release|Any CPU
		{11546E48-7E13-4B47-8584-FB47EFBBD9C2}.Ad-Hoc|iPhoneSimulator.Build.0 = Release|Any CPU
		{11546E48-7E13-4B47-8584-FB47EFBBD9C2}.Ad-Hoc|iPhoneSimulator.Deploy.0 = Release|Any CPU
		{11546E48-7E13-4B47-8584-FB47EFBBD9C2}.Ad-Hoc|x64.ActiveCfg = Release|Any CPU
		{11546E48-7E13-4B47-8584-FB47EFBBD9C2}.Ad-Hoc|x64.Build.0 = Release|Any CPU
		{11546E48-7E13-4B47-8584-FB47EFBBD9C2}.Ad-Hoc|x64.Deploy.0 = Release|Any CPU
		{11546E48-7E13-4B47-8584-FB47EFBBD9C2}.Ad-Hoc|x86.ActiveCfg = Release|Any CPU
		{11546E48-7E13-4B47-8584-FB47EFBBD9C2}.Ad-Hoc|x86.Build.0 = Release|Any CPU
		{11546E48-7E13-4B47-8584-FB47EFBBD9C2}.Ad-Hoc|x86.Deploy.0 = Release|Any CPU
		{11546E48-7E13-4B47-8584-FB47EFBBD9C2}.AppStore|Any CPU.ActiveCfg = Release|Any CPU
		{11546E48-7E13-4B47-8584-FB47EFBBD9C2}.AppStore|Any CPU.Build.0 = Release|Any CPU
		{11546E48-7E13-4B47-8584-FB47EFBBD9C2}.AppStore|Any CPU.Deploy.0 = Release|Any CPU
		{11546E48-7E13-4B47-8584-FB47EFBBD9C2}.AppStore|ARM.ActiveCfg = Release|Any CPU
		{11546E48-7E13-4B47-8584-FB47EFBBD9C2}.AppStore|ARM.Build.0 = Release|Any CPU
		{11546E48-7E13-4B47-8584-FB47EFBBD9C2}.AppStore|ARM.Deploy.0 = Release|Any CPU
		{11546E48-7E13-4B47-8584-FB47EFBBD9C2}.AppStore|iPhone.ActiveCfg = Release|Any CPU
		{11546E48-7E13-4B47-8584-FB47EFBBD9C2}.AppStore|iPhone.Build.0 = Release|Any CPU
		{11546E48-7E13-4B47-8584-FB47EFBBD9C2}.AppStore|iPhone.Deploy.0 = Release|Any CPU
		{11546E48-7E13-4B47-8584-FB47EFBBD9C2}.AppStore|iPhoneSimulator.ActiveCfg = Release|Any CPU
		{11546E48-7E13-4B47-8584-FB47EFBBD9C2}.AppStore|iPhoneSimulator.Build.0 = Release|Any CPU
		{11546E48-7E13-4B47-8584-FB47EFBBD9C2}.AppStore|iPhoneSimulator.Deploy.0 = Release|Any CPU
		{11546E48-7E13-4B47-8584-FB47EFBBD9C2}.AppStore|x64.ActiveCfg = Release|Any CPU
		{11546E48-7E13-4B47-8584-FB47EFBBD9C2}.AppStore|x64.Build.0 = Release|Any CPU
		{11546E48-7E13-4B47-8584-FB47EFBBD9C2}.AppStore|x64.Deploy.0 = Release|Any CPU
		{11546E48-7E13-4B47-8584-FB47EFBBD9C2}.AppStore|x86.ActiveCfg = Release|Any CPU
		{11546E48-7E13-4B47-8584-FB47EFBBD9C2}.AppStore|x86.Build.0 = Release|Any CPU
		{11546E48-7E13-4B47-8584-FB47EFBBD9C2}.AppStore|x86.Deploy.0 = Release|Any CPU
		{11546E48-7E13-4B47-8584-FB47EFBBD9C2}.Debug|Any CPU.ActiveCfg = Debug|Any CPU
		{11546E48-7E13-4B47-8584-FB47EFBBD9C2}.Debug|Any CPU.Build.0 = Debug|Any CPU
		{11546E48-7E13-4B47-8584-FB47EFBBD9C2}.Debug|Any CPU.Deploy.0 = Debug|Any CPU
		{11546E48-7E13-4B47-8584-FB47EFBBD9C2}.Debug|ARM.ActiveCfg = Debug|Any CPU
		{11546E48-7E13-4B47-8584-FB47EFBBD9C2}.Debug|ARM.Build.0 = Debug|Any CPU
		{11546E48-7E13-4B47-8584-FB47EFBBD9C2}.Debug|ARM.Deploy.0 = Debug|Any CPU
		{11546E48-7E13-4B47-8584-FB47EFBBD9C2}.Debug|iPhone.ActiveCfg = Debug|Any CPU
		{11546E48-7E13-4B47-8584-FB47EFBBD9C2}.Debug|iPhone.Build.0 = Debug|Any CPU
		{11546E48-7E13-4B47-8584-FB47EFBBD9C2}.Debug|iPhone.Deploy.0 = Debug|Any CPU
		{11546E48-7E13-4B47-8584-FB47EFBBD9C2}.Debug|iPhoneSimulator.ActiveCfg = Debug|Any CPU
		{11546E48-7E13-4B47-8584-FB47EFBBD9C2}.Debug|iPhoneSimulator.Build.0 = Debug|Any CPU
		{11546E48-7E13-4B47-8584-FB47EFBBD9C2}.Debug|iPhoneSimulator.Deploy.0 = Debug|Any CPU
		{11546E48-7E13-4B47-8584-FB47EFBBD9C2}.Debug|x64.ActiveCfg = Debug|Any CPU
		{11546E48-7E13-4B47-8584-FB47EFBBD9C2}.Debug|x64.Build.0 = Debug|Any CPU
		{11546E48-7E13-4B47-8584-FB47EFBBD9C2}.Debug|x64.Deploy.0 = Debug|Any CPU
		{11546E48-7E13-4B47-8584-FB47EFBBD9C2}.Debug|x86.ActiveCfg = Debug|Any CPU
		{11546E48-7E13-4B47-8584-FB47EFBBD9C2}.Debug|x86.Build.0 = Debug|Any CPU
		{11546E48-7E13-4B47-8584-FB47EFBBD9C2}.Debug|x86.Deploy.0 = Debug|Any CPU
		{11546E48-7E13-4B47-8584-FB47EFBBD9C2}.Release|Any CPU.ActiveCfg = Release|Any CPU
		{11546E48-7E13-4B47-8584-FB47EFBBD9C2}.Release|Any CPU.Build.0 = Release|Any CPU
		{11546E48-7E13-4B47-8584-FB47EFBBD9C2}.Release|Any CPU.Deploy.0 = Release|Any CPU
		{11546E48-7E13-4B47-8584-FB47EFBBD9C2}.Release|ARM.ActiveCfg = Release|Any CPU
		{11546E48-7E13-4B47-8584-FB47EFBBD9C2}.Release|ARM.Build.0 = Release|Any CPU
		{11546E48-7E13-4B47-8584-FB47EFBBD9C2}.Release|ARM.Deploy.0 = Release|Any CPU
		{11546E48-7E13-4B47-8584-FB47EFBBD9C2}.Release|iPhone.ActiveCfg = Release|Any CPU
		{11546E48-7E13-4B47-8584-FB47EFBBD9C2}.Release|iPhone.Build.0 = Release|Any CPU
		{11546E48-7E13-4B47-8584-FB47EFBBD9C2}.Release|iPhone.Deploy.0 = Release|Any CPU
		{11546E48-7E13-4B47-8584-FB47EFBBD9C2}.Release|iPhoneSimulator.ActiveCfg = Release|Any CPU
		{11546E48-7E13-4B47-8584-FB47EFBBD9C2}.Release|iPhoneSimulator.Build.0 = Release|Any CPU
		{11546E48-7E13-4B47-8584-FB47EFBBD9C2}.Release|iPhoneSimulator.Deploy.0 = Release|Any CPU
		{11546E48-7E13-4B47-8584-FB47EFBBD9C2}.Release|x64.ActiveCfg = Release|Any CPU
		{11546E48-7E13-4B47-8584-FB47EFBBD9C2}.Release|x64.Build.0 = Release|Any CPU
		{11546E48-7E13-4B47-8584-FB47EFBBD9C2}.Release|x64.Deploy.0 = Release|Any CPU
		{11546E48-7E13-4B47-8584-FB47EFBBD9C2}.Release|x86.ActiveCfg = Release|Any CPU
		{11546E48-7E13-4B47-8584-FB47EFBBD9C2}.Release|x86.Build.0 = Release|Any CPU
		{11546E48-7E13-4B47-8584-FB47EFBBD9C2}.Release|x86.Deploy.0 = Release|Any CPU
		{203AD896-D3E2-420D-AD2E-18293D2B6E8A}.Ad-Hoc|Any CPU.ActiveCfg = Ad-Hoc|iPhone
		{203AD896-D3E2-420D-AD2E-18293D2B6E8A}.Ad-Hoc|Any CPU.Build.0 = Ad-Hoc|iPhone
		{203AD896-D3E2-420D-AD2E-18293D2B6E8A}.Ad-Hoc|Any CPU.Deploy.0 = Ad-Hoc|iPhone
		{203AD896-D3E2-420D-AD2E-18293D2B6E8A}.Ad-Hoc|ARM.ActiveCfg = Ad-Hoc|iPhone
		{203AD896-D3E2-420D-AD2E-18293D2B6E8A}.Ad-Hoc|ARM.Build.0 = Ad-Hoc|iPhone
		{203AD896-D3E2-420D-AD2E-18293D2B6E8A}.Ad-Hoc|ARM.Deploy.0 = Ad-Hoc|iPhone
		{203AD896-D3E2-420D-AD2E-18293D2B6E8A}.Ad-Hoc|iPhone.ActiveCfg = Ad-Hoc|iPhone
		{203AD896-D3E2-420D-AD2E-18293D2B6E8A}.Ad-Hoc|iPhone.Build.0 = Ad-Hoc|iPhone
		{203AD896-D3E2-420D-AD2E-18293D2B6E8A}.Ad-Hoc|iPhone.Deploy.0 = Ad-Hoc|iPhone
		{203AD896-D3E2-420D-AD2E-18293D2B6E8A}.Ad-Hoc|iPhoneSimulator.ActiveCfg = Ad-Hoc|iPhoneSimulator
		{203AD896-D3E2-420D-AD2E-18293D2B6E8A}.Ad-Hoc|iPhoneSimulator.Build.0 = Ad-Hoc|iPhoneSimulator
		{203AD896-D3E2-420D-AD2E-18293D2B6E8A}.Ad-Hoc|iPhoneSimulator.Deploy.0 = Ad-Hoc|iPhoneSimulator
		{203AD896-D3E2-420D-AD2E-18293D2B6E8A}.Ad-Hoc|x64.ActiveCfg = Ad-Hoc|iPhone
		{203AD896-D3E2-420D-AD2E-18293D2B6E8A}.Ad-Hoc|x64.Build.0 = Ad-Hoc|iPhone
		{203AD896-D3E2-420D-AD2E-18293D2B6E8A}.Ad-Hoc|x64.Deploy.0 = Ad-Hoc|iPhone
		{203AD896-D3E2-420D-AD2E-18293D2B6E8A}.Ad-Hoc|x86.ActiveCfg = Ad-Hoc|iPhone
		{203AD896-D3E2-420D-AD2E-18293D2B6E8A}.Ad-Hoc|x86.Build.0 = Ad-Hoc|iPhone
		{203AD896-D3E2-420D-AD2E-18293D2B6E8A}.Ad-Hoc|x86.Deploy.0 = Ad-Hoc|iPhone
		{203AD896-D3E2-420D-AD2E-18293D2B6E8A}.AppStore|Any CPU.ActiveCfg = AppStore|iPhone
		{203AD896-D3E2-420D-AD2E-18293D2B6E8A}.AppStore|Any CPU.Build.0 = AppStore|iPhone
		{203AD896-D3E2-420D-AD2E-18293D2B6E8A}.AppStore|Any CPU.Deploy.0 = AppStore|iPhone
		{203AD896-D3E2-420D-AD2E-18293D2B6E8A}.AppStore|ARM.ActiveCfg = AppStore|iPhone
		{203AD896-D3E2-420D-AD2E-18293D2B6E8A}.AppStore|ARM.Build.0 = AppStore|iPhone
		{203AD896-D3E2-420D-AD2E-18293D2B6E8A}.AppStore|ARM.Deploy.0 = AppStore|iPhone
		{203AD896-D3E2-420D-AD2E-18293D2B6E8A}.AppStore|iPhone.ActiveCfg = AppStore|iPhone
		{203AD896-D3E2-420D-AD2E-18293D2B6E8A}.AppStore|iPhone.Build.0 = AppStore|iPhone
		{203AD896-D3E2-420D-AD2E-18293D2B6E8A}.AppStore|iPhone.Deploy.0 = AppStore|iPhone
		{203AD896-D3E2-420D-AD2E-18293D2B6E8A}.AppStore|iPhoneSimulator.ActiveCfg = AppStore|iPhoneSimulator
		{203AD896-D3E2-420D-AD2E-18293D2B6E8A}.AppStore|iPhoneSimulator.Build.0 = AppStore|iPhoneSimulator
		{203AD896-D3E2-420D-AD2E-18293D2B6E8A}.AppStore|iPhoneSimulator.Deploy.0 = AppStore|iPhoneSimulator
		{203AD896-D3E2-420D-AD2E-18293D2B6E8A}.AppStore|x64.ActiveCfg = AppStore|iPhone
		{203AD896-D3E2-420D-AD2E-18293D2B6E8A}.AppStore|x64.Build.0 = AppStore|iPhone
		{203AD896-D3E2-420D-AD2E-18293D2B6E8A}.AppStore|x64.Deploy.0 = AppStore|iPhone
		{203AD896-D3E2-420D-AD2E-18293D2B6E8A}.AppStore|x86.ActiveCfg = AppStore|iPhone
		{203AD896-D3E2-420D-AD2E-18293D2B6E8A}.AppStore|x86.Build.0 = AppStore|iPhone
		{203AD896-D3E2-420D-AD2E-18293D2B6E8A}.AppStore|x86.Deploy.0 = AppStore|iPhone
		{203AD896-D3E2-420D-AD2E-18293D2B6E8A}.Debug|Any CPU.ActiveCfg = Debug|iPhoneSimulator
		{203AD896-D3E2-420D-AD2E-18293D2B6E8A}.Debug|Any CPU.Build.0 = Debug|iPhoneSimulator
		{203AD896-D3E2-420D-AD2E-18293D2B6E8A}.Debug|Any CPU.Deploy.0 = Debug|iPhoneSimulator
		{203AD896-D3E2-420D-AD2E-18293D2B6E8A}.Debug|ARM.ActiveCfg = Debug|iPhone
		{203AD896-D3E2-420D-AD2E-18293D2B6E8A}.Debug|ARM.Build.0 = Debug|iPhone
		{203AD896-D3E2-420D-AD2E-18293D2B6E8A}.Debug|ARM.Deploy.0 = Debug|iPhone
		{203AD896-D3E2-420D-AD2E-18293D2B6E8A}.Debug|iPhone.ActiveCfg = Debug|iPhone
		{203AD896-D3E2-420D-AD2E-18293D2B6E8A}.Debug|iPhone.Build.0 = Debug|iPhone
		{203AD896-D3E2-420D-AD2E-18293D2B6E8A}.Debug|iPhone.Deploy.0 = Debug|iPhone
		{203AD896-D3E2-420D-AD2E-18293D2B6E8A}.Debug|iPhoneSimulator.ActiveCfg = Debug|iPhoneSimulator
		{203AD896-D3E2-420D-AD2E-18293D2B6E8A}.Debug|iPhoneSimulator.Build.0 = Debug|iPhoneSimulator
		{203AD896-D3E2-420D-AD2E-18293D2B6E8A}.Debug|iPhoneSimulator.Deploy.0 = Debug|iPhoneSimulator
		{203AD896-D3E2-420D-AD2E-18293D2B6E8A}.Debug|x64.ActiveCfg = Debug|iPhone
		{203AD896-D3E2-420D-AD2E-18293D2B6E8A}.Debug|x64.Build.0 = Debug|iPhone
		{203AD896-D3E2-420D-AD2E-18293D2B6E8A}.Debug|x64.Deploy.0 = Debug|iPhone
		{203AD896-D3E2-420D-AD2E-18293D2B6E8A}.Debug|x86.ActiveCfg = Debug|iPhone
		{203AD896-D3E2-420D-AD2E-18293D2B6E8A}.Debug|x86.Build.0 = Debug|iPhone
		{203AD896-D3E2-420D-AD2E-18293D2B6E8A}.Debug|x86.Deploy.0 = Debug|iPhone
		{203AD896-D3E2-420D-AD2E-18293D2B6E8A}.Release|Any CPU.ActiveCfg = Release|iPhone
		{203AD896-D3E2-420D-AD2E-18293D2B6E8A}.Release|Any CPU.Build.0 = Release|iPhone
		{203AD896-D3E2-420D-AD2E-18293D2B6E8A}.Release|Any CPU.Deploy.0 = Release|iPhone
		{203AD896-D3E2-420D-AD2E-18293D2B6E8A}.Release|ARM.ActiveCfg = Release|iPhone
		{203AD896-D3E2-420D-AD2E-18293D2B6E8A}.Release|ARM.Build.0 = Release|iPhone
		{203AD896-D3E2-420D-AD2E-18293D2B6E8A}.Release|ARM.Deploy.0 = Release|iPhone
		{203AD896-D3E2-420D-AD2E-18293D2B6E8A}.Release|iPhone.ActiveCfg = Release|iPhone
		{203AD896-D3E2-420D-AD2E-18293D2B6E8A}.Release|iPhone.Build.0 = Release|iPhone
		{203AD896-D3E2-420D-AD2E-18293D2B6E8A}.Release|iPhone.Deploy.0 = Release|iPhone
		{203AD896-D3E2-420D-AD2E-18293D2B6E8A}.Release|iPhoneSimulator.ActiveCfg = Release|iPhoneSimulator
		{203AD896-D3E2-420D-AD2E-18293D2B6E8A}.Release|iPhoneSimulator.Build.0 = Release|iPhoneSimulator
		{203AD896-D3E2-420D-AD2E-18293D2B6E8A}.Release|iPhoneSimulator.Deploy.0 = Release|iPhoneSimulator
		{203AD896-D3E2-420D-AD2E-18293D2B6E8A}.Release|x64.ActiveCfg = Release|iPhone
		{203AD896-D3E2-420D-AD2E-18293D2B6E8A}.Release|x64.Build.0 = Release|iPhone
		{203AD896-D3E2-420D-AD2E-18293D2B6E8A}.Release|x64.Deploy.0 = Release|iPhone
		{203AD896-D3E2-420D-AD2E-18293D2B6E8A}.Release|x86.ActiveCfg = Release|iPhone
		{203AD896-D3E2-420D-AD2E-18293D2B6E8A}.Release|x86.Build.0 = Release|iPhone
		{203AD896-D3E2-420D-AD2E-18293D2B6E8A}.Release|x86.Deploy.0 = Release|iPhone
		{5FC2D837-4CD4-4D1D-B544-9AA1E5E8FC6C}.Ad-Hoc|Any CPU.ActiveCfg = Release|x86
		{5FC2D837-4CD4-4D1D-B544-9AA1E5E8FC6C}.Ad-Hoc|Any CPU.Build.0 = Release|x86
		{5FC2D837-4CD4-4D1D-B544-9AA1E5E8FC6C}.Ad-Hoc|Any CPU.Deploy.0 = Release|x86
		{5FC2D837-4CD4-4D1D-B544-9AA1E5E8FC6C}.Ad-Hoc|ARM.ActiveCfg = Release|ARM
		{5FC2D837-4CD4-4D1D-B544-9AA1E5E8FC6C}.Ad-Hoc|ARM.Build.0 = Release|ARM
		{5FC2D837-4CD4-4D1D-B544-9AA1E5E8FC6C}.Ad-Hoc|ARM.Deploy.0 = Release|ARM
		{5FC2D837-4CD4-4D1D-B544-9AA1E5E8FC6C}.Ad-Hoc|iPhone.ActiveCfg = Release|x86
		{5FC2D837-4CD4-4D1D-B544-9AA1E5E8FC6C}.Ad-Hoc|iPhone.Build.0 = Release|x86
		{5FC2D837-4CD4-4D1D-B544-9AA1E5E8FC6C}.Ad-Hoc|iPhone.Deploy.0 = Release|x86
		{5FC2D837-4CD4-4D1D-B544-9AA1E5E8FC6C}.Ad-Hoc|iPhoneSimulator.ActiveCfg = Release|x86
		{5FC2D837-4CD4-4D1D-B544-9AA1E5E8FC6C}.Ad-Hoc|iPhoneSimulator.Build.0 = Release|x86
		{5FC2D837-4CD4-4D1D-B544-9AA1E5E8FC6C}.Ad-Hoc|iPhoneSimulator.Deploy.0 = Release|x86
		{5FC2D837-4CD4-4D1D-B544-9AA1E5E8FC6C}.Ad-Hoc|x64.ActiveCfg = Release|x64
		{5FC2D837-4CD4-4D1D-B544-9AA1E5E8FC6C}.Ad-Hoc|x64.Build.0 = Release|x64
		{5FC2D837-4CD4-4D1D-B544-9AA1E5E8FC6C}.Ad-Hoc|x64.Deploy.0 = Release|x64
		{5FC2D837-4CD4-4D1D-B544-9AA1E5E8FC6C}.Ad-Hoc|x86.ActiveCfg = Release|x86
		{5FC2D837-4CD4-4D1D-B544-9AA1E5E8FC6C}.Ad-Hoc|x86.Build.0 = Release|x86
		{5FC2D837-4CD4-4D1D-B544-9AA1E5E8FC6C}.Ad-Hoc|x86.Deploy.0 = Release|x86
		{5FC2D837-4CD4-4D1D-B544-9AA1E5E8FC6C}.AppStore|Any CPU.ActiveCfg = Release|x86
		{5FC2D837-4CD4-4D1D-B544-9AA1E5E8FC6C}.AppStore|Any CPU.Build.0 = Release|x86
		{5FC2D837-4CD4-4D1D-B544-9AA1E5E8FC6C}.AppStore|Any CPU.Deploy.0 = Release|x86
		{5FC2D837-4CD4-4D1D-B544-9AA1E5E8FC6C}.AppStore|ARM.ActiveCfg = Release|ARM
		{5FC2D837-4CD4-4D1D-B544-9AA1E5E8FC6C}.AppStore|ARM.Build.0 = Release|ARM
		{5FC2D837-4CD4-4D1D-B544-9AA1E5E8FC6C}.AppStore|ARM.Deploy.0 = Release|ARM
		{5FC2D837-4CD4-4D1D-B544-9AA1E5E8FC6C}.AppStore|iPhone.ActiveCfg = Release|x86
		{5FC2D837-4CD4-4D1D-B544-9AA1E5E8FC6C}.AppStore|iPhone.Build.0 = Release|x86
		{5FC2D837-4CD4-4D1D-B544-9AA1E5E8FC6C}.AppStore|iPhone.Deploy.0 = Release|x86
		{5FC2D837-4CD4-4D1D-B544-9AA1E5E8FC6C}.AppStore|iPhoneSimulator.ActiveCfg = Release|x86
		{5FC2D837-4CD4-4D1D-B544-9AA1E5E8FC6C}.AppStore|iPhoneSimulator.Build.0 = Release|x86
		{5FC2D837-4CD4-4D1D-B544-9AA1E5E8FC6C}.AppStore|iPhoneSimulator.Deploy.0 = Release|x86
		{5FC2D837-4CD4-4D1D-B544-9AA1E5E8FC6C}.AppStore|x64.ActiveCfg = Release|x64
		{5FC2D837-4CD4-4D1D-B544-9AA1E5E8FC6C}.AppStore|x64.Build.0 = Release|x64
		{5FC2D837-4CD4-4D1D-B544-9AA1E5E8FC6C}.AppStore|x64.Deploy.0 = Release|x64
		{5FC2D837-4CD4-4D1D-B544-9AA1E5E8FC6C}.AppStore|x86.ActiveCfg = Release|x86
		{5FC2D837-4CD4-4D1D-B544-9AA1E5E8FC6C}.AppStore|x86.Build.0 = Release|x86
		{5FC2D837-4CD4-4D1D-B544-9AA1E5E8FC6C}.AppStore|x86.Deploy.0 = Release|x86
		{5FC2D837-4CD4-4D1D-B544-9AA1E5E8FC6C}.Debug|Any CPU.ActiveCfg = Debug|x86
		{5FC2D837-4CD4-4D1D-B544-9AA1E5E8FC6C}.Debug|Any CPU.Build.0 = Debug|x86
		{5FC2D837-4CD4-4D1D-B544-9AA1E5E8FC6C}.Debug|Any CPU.Deploy.0 = Debug|x86
		{5FC2D837-4CD4-4D1D-B544-9AA1E5E8FC6C}.Debug|ARM.ActiveCfg = Debug|ARM
		{5FC2D837-4CD4-4D1D-B544-9AA1E5E8FC6C}.Debug|ARM.Build.0 = Debug|ARM
		{5FC2D837-4CD4-4D1D-B544-9AA1E5E8FC6C}.Debug|ARM.Deploy.0 = Debug|ARM
		{5FC2D837-4CD4-4D1D-B544-9AA1E5E8FC6C}.Debug|iPhone.ActiveCfg = Debug|x86
		{5FC2D837-4CD4-4D1D-B544-9AA1E5E8FC6C}.Debug|iPhone.Build.0 = Debug|x86
		{5FC2D837-4CD4-4D1D-B544-9AA1E5E8FC6C}.Debug|iPhone.Deploy.0 = Debug|x86
		{5FC2D837-4CD4-4D1D-B544-9AA1E5E8FC6C}.Debug|iPhoneSimulator.ActiveCfg = Debug|x86
		{5FC2D837-4CD4-4D1D-B544-9AA1E5E8FC6C}.Debug|iPhoneSimulator.Build.0 = Debug|x86
		{5FC2D837-4CD4-4D1D-B544-9AA1E5E8FC6C}.Debug|iPhoneSimulator.Deploy.0 = Debug|x86
		{5FC2D837-4CD4-4D1D-B544-9AA1E5E8FC6C}.Debug|x64.ActiveCfg = Debug|x64
		{5FC2D837-4CD4-4D1D-B544-9AA1E5E8FC6C}.Debug|x64.Build.0 = Debug|x64
		{5FC2D837-4CD4-4D1D-B544-9AA1E5E8FC6C}.Debug|x64.Deploy.0 = Debug|x64
		{5FC2D837-4CD4-4D1D-B544-9AA1E5E8FC6C}.Debug|x86.ActiveCfg = Debug|x86
		{5FC2D837-4CD4-4D1D-B544-9AA1E5E8FC6C}.Debug|x86.Build.0 = Debug|x86
		{5FC2D837-4CD4-4D1D-B544-9AA1E5E8FC6C}.Debug|x86.Deploy.0 = Debug|x86
		{5FC2D837-4CD4-4D1D-B544-9AA1E5E8FC6C}.Release|Any CPU.ActiveCfg = Release|x86
		{5FC2D837-4CD4-4D1D-B544-9AA1E5E8FC6C}.Release|Any CPU.Build.0 = Release|x86
		{5FC2D837-4CD4-4D1D-B544-9AA1E5E8FC6C}.Release|Any CPU.Deploy.0 = Release|x86
		{5FC2D837-4CD4-4D1D-B544-9AA1E5E8FC6C}.Release|ARM.ActiveCfg = Release|ARM
		{5FC2D837-4CD4-4D1D-B544-9AA1E5E8FC6C}.Release|ARM.Build.0 = Release|ARM
		{5FC2D837-4CD4-4D1D-B544-9AA1E5E8FC6C}.Release|ARM.Deploy.0 = Release|ARM
		{5FC2D837-4CD4-4D1D-B544-9AA1E5E8FC6C}.Release|iPhone.ActiveCfg = Release|x86
		{5FC2D837-4CD4-4D1D-B544-9AA1E5E8FC6C}.Release|iPhone.Build.0 = Release|x86
		{5FC2D837-4CD4-4D1D-B544-9AA1E5E8FC6C}.Release|iPhone.Deploy.0 = Release|x86
		{5FC2D837-4CD4-4D1D-B544-9AA1E5E8FC6C}.Release|iPhoneSimulator.ActiveCfg = Release|x86
		{5FC2D837-4CD4-4D1D-B544-9AA1E5E8FC6C}.Release|iPhoneSimulator.Build.0 = Release|x86
		{5FC2D837-4CD4-4D1D-B544-9AA1E5E8FC6C}.Release|iPhoneSimulator.Deploy.0 = Release|x86
		{5FC2D837-4CD4-4D1D-B544-9AA1E5E8FC6C}.Release|x64.ActiveCfg = Release|x64
		{5FC2D837-4CD4-4D1D-B544-9AA1E5E8FC6C}.Release|x64.Build.0 = Release|x64
		{5FC2D837-4CD4-4D1D-B544-9AA1E5E8FC6C}.Release|x64.Deploy.0 = Release|x64
		{5FC2D837-4CD4-4D1D-B544-9AA1E5E8FC6C}.Release|x86.ActiveCfg = Release|x86
		{5FC2D837-4CD4-4D1D-B544-9AA1E5E8FC6C}.Release|x86.Build.0 = Release|x86
		{5FC2D837-4CD4-4D1D-B544-9AA1E5E8FC6C}.Release|x86.Deploy.0 = Release|x86
		{F86AA845-200A-4281-BB68-EEE08AB985DF}.Ad-Hoc|Any CPU.ActiveCfg = Debug|Any CPU
		{F86AA845-200A-4281-BB68-EEE08AB985DF}.Ad-Hoc|Any CPU.Build.0 = Debug|Any CPU
		{F86AA845-200A-4281-BB68-EEE08AB985DF}.Ad-Hoc|Any CPU.Deploy.0 = Debug|Any CPU
		{F86AA845-200A-4281-BB68-EEE08AB985DF}.Ad-Hoc|ARM.ActiveCfg = Debug|Any CPU
		{F86AA845-200A-4281-BB68-EEE08AB985DF}.Ad-Hoc|ARM.Build.0 = Debug|Any CPU
		{F86AA845-200A-4281-BB68-EEE08AB985DF}.Ad-Hoc|ARM.Deploy.0 = Debug|Any CPU
		{F86AA845-200A-4281-BB68-EEE08AB985DF}.Ad-Hoc|iPhone.ActiveCfg = Debug|Any CPU
		{F86AA845-200A-4281-BB68-EEE08AB985DF}.Ad-Hoc|iPhone.Build.0 = Debug|Any CPU
		{F86AA845-200A-4281-BB68-EEE08AB985DF}.Ad-Hoc|iPhone.Deploy.0 = Debug|Any CPU
		{F86AA845-200A-4281-BB68-EEE08AB985DF}.Ad-Hoc|iPhoneSimulator.ActiveCfg = Debug|Any CPU
		{F86AA845-200A-4281-BB68-EEE08AB985DF}.Ad-Hoc|iPhoneSimulator.Build.0 = Debug|Any CPU
		{F86AA845-200A-4281-BB68-EEE08AB985DF}.Ad-Hoc|iPhoneSimulator.Deploy.0 = Debug|Any CPU
		{F86AA845-200A-4281-BB68-EEE08AB985DF}.Ad-Hoc|x64.ActiveCfg = Debug|Any CPU
		{F86AA845-200A-4281-BB68-EEE08AB985DF}.Ad-Hoc|x64.Build.0 = Debug|Any CPU
		{F86AA845-200A-4281-BB68-EEE08AB985DF}.Ad-Hoc|x64.Deploy.0 = Debug|Any CPU
		{F86AA845-200A-4281-BB68-EEE08AB985DF}.Ad-Hoc|x86.ActiveCfg = Debug|Any CPU
		{F86AA845-200A-4281-BB68-EEE08AB985DF}.Ad-Hoc|x86.Build.0 = Debug|Any CPU
		{F86AA845-200A-4281-BB68-EEE08AB985DF}.Ad-Hoc|x86.Deploy.0 = Debug|Any CPU
		{F86AA845-200A-4281-BB68-EEE08AB985DF}.AppStore|Any CPU.ActiveCfg = Debug|Any CPU
		{F86AA845-200A-4281-BB68-EEE08AB985DF}.AppStore|Any CPU.Build.0 = Debug|Any CPU
		{F86AA845-200A-4281-BB68-EEE08AB985DF}.AppStore|Any CPU.Deploy.0 = Debug|Any CPU
		{F86AA845-200A-4281-BB68-EEE08AB985DF}.AppStore|ARM.ActiveCfg = Debug|Any CPU
		{F86AA845-200A-4281-BB68-EEE08AB985DF}.AppStore|ARM.Build.0 = Debug|Any CPU
		{F86AA845-200A-4281-BB68-EEE08AB985DF}.AppStore|ARM.Deploy.0 = Debug|Any CPU
		{F86AA845-200A-4281-BB68-EEE08AB985DF}.AppStore|iPhone.ActiveCfg = Debug|Any CPU
		{F86AA845-200A-4281-BB68-EEE08AB985DF}.AppStore|iPhone.Build.0 = Debug|Any CPU
		{F86AA845-200A-4281-BB68-EEE08AB985DF}.AppStore|iPhone.Deploy.0 = Debug|Any CPU
		{F86AA845-200A-4281-BB68-EEE08AB985DF}.AppStore|iPhoneSimulator.ActiveCfg = Debug|Any CPU
		{F86AA845-200A-4281-BB68-EEE08AB985DF}.AppStore|iPhoneSimulator.Build.0 = Debug|Any CPU
		{F86AA845-200A-4281-BB68-EEE08AB985DF}.AppStore|iPhoneSimulator.Deploy.0 = Debug|Any CPU
		{F86AA845-200A-4281-BB68-EEE08AB985DF}.AppStore|x64.ActiveCfg = Debug|Any CPU
		{F86AA845-200A-4281-BB68-EEE08AB985DF}.AppStore|x64.Build.0 = Debug|Any CPU
		{F86AA845-200A-4281-BB68-EEE08AB985DF}.AppStore|x64.Deploy.0 = Debug|Any CPU
		{F86AA845-200A-4281-BB68-EEE08AB985DF}.AppStore|x86.ActiveCfg = Debug|Any CPU
		{F86AA845-200A-4281-BB68-EEE08AB985DF}.AppStore|x86.Build.0 = Debug|Any CPU
		{F86AA845-200A-4281-BB68-EEE08AB985DF}.AppStore|x86.Deploy.0 = Debug|Any CPU
		{F86AA845-200A-4281-BB68-EEE08AB985DF}.Debug|Any CPU.ActiveCfg = Debug|Any CPU
		{F86AA845-200A-4281-BB68-EEE08AB985DF}.Debug|Any CPU.Build.0 = Debug|Any CPU
		{F86AA845-200A-4281-BB68-EEE08AB985DF}.Debug|Any CPU.Deploy.0 = Debug|Any CPU
		{F86AA845-200A-4281-BB68-EEE08AB985DF}.Debug|ARM.ActiveCfg = Debug|Any CPU
		{F86AA845-200A-4281-BB68-EEE08AB985DF}.Debug|ARM.Build.0 = Debug|Any CPU
		{F86AA845-200A-4281-BB68-EEE08AB985DF}.Debug|ARM.Deploy.0 = Debug|Any CPU
		{F86AA845-200A-4281-BB68-EEE08AB985DF}.Debug|iPhone.ActiveCfg = Debug|Any CPU
		{F86AA845-200A-4281-BB68-EEE08AB985DF}.Debug|iPhone.Build.0 = Debug|Any CPU
		{F86AA845-200A-4281-BB68-EEE08AB985DF}.Debug|iPhone.Deploy.0 = Debug|Any CPU
		{F86AA845-200A-4281-BB68-EEE08AB985DF}.Debug|iPhoneSimulator.ActiveCfg = Debug|Any CPU
		{F86AA845-200A-4281-BB68-EEE08AB985DF}.Debug|iPhoneSimulator.Build.0 = Debug|Any CPU
		{F86AA845-200A-4281-BB68-EEE08AB985DF}.Debug|iPhoneSimulator.Deploy.0 = Debug|Any CPU
		{F86AA845-200A-4281-BB68-EEE08AB985DF}.Debug|x64.ActiveCfg = Debug|Any CPU
		{F86AA845-200A-4281-BB68-EEE08AB985DF}.Debug|x64.Build.0 = Debug|Any CPU
		{F86AA845-200A-4281-BB68-EEE08AB985DF}.Debug|x64.Deploy.0 = Debug|Any CPU
		{F86AA845-200A-4281-BB68-EEE08AB985DF}.Debug|x86.ActiveCfg = Debug|Any CPU
		{F86AA845-200A-4281-BB68-EEE08AB985DF}.Debug|x86.Build.0 = Debug|Any CPU
		{F86AA845-200A-4281-BB68-EEE08AB985DF}.Debug|x86.Deploy.0 = Debug|Any CPU
		{F86AA845-200A-4281-BB68-EEE08AB985DF}.Release|Any CPU.ActiveCfg = Release|Any CPU
		{F86AA845-200A-4281-BB68-EEE08AB985DF}.Release|Any CPU.Build.0 = Release|Any CPU
		{F86AA845-200A-4281-BB68-EEE08AB985DF}.Release|Any CPU.Deploy.0 = Release|Any CPU
		{F86AA845-200A-4281-BB68-EEE08AB985DF}.Release|ARM.ActiveCfg = Release|Any CPU
		{F86AA845-200A-4281-BB68-EEE08AB985DF}.Release|ARM.Build.0 = Release|Any CPU
		{F86AA845-200A-4281-BB68-EEE08AB985DF}.Release|ARM.Deploy.0 = Release|Any CPU
		{F86AA845-200A-4281-BB68-EEE08AB985DF}.Release|iPhone.ActiveCfg = Release|Any CPU
		{F86AA845-200A-4281-BB68-EEE08AB985DF}.Release|iPhone.Build.0 = Release|Any CPU
		{F86AA845-200A-4281-BB68-EEE08AB985DF}.Release|iPhone.Deploy.0 = Release|Any CPU
		{F86AA845-200A-4281-BB68-EEE08AB985DF}.Release|iPhoneSimulator.ActiveCfg = Release|Any CPU
		{F86AA845-200A-4281-BB68-EEE08AB985DF}.Release|iPhoneSimulator.Build.0 = Release|Any CPU
		{F86AA845-200A-4281-BB68-EEE08AB985DF}.Release|iPhoneSimulator.Deploy.0 = Release|Any CPU
		{F86AA845-200A-4281-BB68-EEE08AB985DF}.Release|x64.ActiveCfg = Release|Any CPU
		{F86AA845-200A-4281-BB68-EEE08AB985DF}.Release|x64.Build.0 = Release|Any CPU
		{F86AA845-200A-4281-BB68-EEE08AB985DF}.Release|x64.Deploy.0 = Release|Any CPU
		{F86AA845-200A-4281-BB68-EEE08AB985DF}.Release|x86.ActiveCfg = Release|Any CPU
		{F86AA845-200A-4281-BB68-EEE08AB985DF}.Release|x86.Build.0 = Release|Any CPU
		{F86AA845-200A-4281-BB68-EEE08AB985DF}.Release|x86.Deploy.0 = Release|Any CPU
	EndGlobalSection
	GlobalSection(SolutionProperties) = preSolution
		HideSolutionNode = FALSE
	EndGlobalSection
	GlobalSection(ExtensibilityGlobals) = postSolution
		SolutionGuid = {F4BC869C-A0A8-4B66-A827-3E35A79435F5}
	EndGlobalSection
EndGlobal
